{"SurveyEntry":{"SurveyID":"SV_1AJN0KBrLPmuQu1","SurveyName":"Demo - Word Search and Mirror Tracing","SurveyDescription":null,"SurveyOwnerID":"UR_55cHjOPY8o3aX9H","SurveyBrandID":"dom","DivisionID":null,"SurveyLanguage":"EN","SurveyActiveResponseSet":"RS_b2wJu1OZmIuaFI9","SurveyStatus":"Active","SurveyStartDate":"0000-00-00 00:00:00","SurveyExpirationDate":"0000-00-00 00:00:00","SurveyCreationDate":"2015-11-06 10:04:57","CreatorID":"UR_55cHjOPY8o3aX9H","LastModified":"2015-11-06 10:05:32","LastAccessed":"0000-00-00 00:00:00","LastActivated":"2015-11-06 10:05:32","Deleted":null},"SurveyElements":[{"SurveyID":"SV_1AJN0KBrLPmuQu1","Element":"BL","PrimaryAttribute":"Survey Blocks","SecondaryAttribute":null,"TertiaryAttribute":null,"Payload":{"0":{"Type":"Default","Description":"Debriefing","ID":"BL_9tLjhUKnCN5MIbH","BlockElements":[{"Type":"Question","QuestionID":"QID72"}]},"1":{"Type":"Trash","Description":"Trash \/ Unused Questions","ID":"BL_0cWlw6ob7DMRNQx","BlockElements":[{"Type":"Question","QuestionID":"QID112"},{"Type":"Question","QuestionID":"QID93"},{"Type":"Question","QuestionID":"QID76"},{"Type":"Question","QuestionID":"QID96"},{"Type":"Page Break"},{"Type":"Page Break"},{"Type":"Question","QuestionID":"QID77"}]},"2":{"Type":"Standard","SubType":"","Description":"Informed Consent","ID":"BL_eWcQK60QBk7kH89","BlockElements":[{"Type":"Question","QuestionID":"QID3"}]},"8":{"Type":"Standard","SubType":"","Description":"Demographics","ID":"BL_a2Hp63CEq1x7lf7","BlockElements":[{"Type":"Question","QuestionID":"QID24"},{"Type":"Page Break"},{"Type":"Question","QuestionID":"QID26"},{"Type":"Page Break"},{"Type":"Question","QuestionID":"QID25"},{"Type":"Page Break"},{"Type":"Question","QuestionID":"QID27"}]},"19":{"Type":"Standard","SubType":"","Description":"Positive Control","ID":"BL_d0ZOnlflBy2yjL7","BlockElements":[{"Type":"Question","QuestionID":"QID73"},{"Type":"Page Break"},{"Type":"Question","QuestionID":"QID64"}]},"20":{"Type":"Standard","SubType":"","Description":"Last Stuff","ID":"BL_2lfvE2MulFgzVul","BlockElements":[{"Type":"Question","QuestionID":"QID67"},{"Type":"Page Break"},{"Type":"Question","QuestionID":"QID66"},{"Type":"Page Break"},{"Type":"Question","QuestionID":"QID103"},{"Type":"Page Break"},{"Type":"Question","QuestionID":"QID68"},{"Type":"Page Break"},{"Type":"Question","QuestionID":"QID38"},{"Type":"Page Break"},{"Type":"Question","QuestionID":"QID74"},{"Type":"Page Break"},{"Type":"Question","QuestionID":"QID104"}]},"24":{"Type":"Standard","SubType":"","Description":"Word Search","ID":"BL_3ghdcRDcBN13UON","BlockElements":[{"Type":"Question","QuestionID":"QID97"},{"Type":"Page Break"},{"Type":"Question","QuestionID":"QID101"},{"Type":"Question","QuestionID":"QID98"},{"Type":"Question","QuestionID":"QID99"}]},"25":{"Type":"Standard","SubType":"","Description":"Mirror_Easy","ID":"BL_ea0lfL6uYadnpoV","BlockElements":[{"Type":"Question","QuestionID":"QID106"},{"Type":"Page Break"},{"Type":"Question","QuestionID":"QID107"},{"Type":"Page Break"},{"Type":"Question","QuestionID":"QID108"}]},"26":{"Type":"Standard","SubType":"","Description":"Trace_Instruct","ID":"BL_3EqBEDH9eDDduYt","BlockElements":[{"Type":"Question","QuestionID":"QID105"}]},"27":{"Type":"Standard","SubType":"","Description":"Mirror_Hard","ID":"BL_bDv07CXukTGjWlv","BlockElements":[{"Type":"Question","QuestionID":"QID109"},{"Type":"Page Break"},{"Type":"Question","QuestionID":"QID110"},{"Type":"Page Break"},{"Type":"Question","QuestionID":"QID111"}]}}},{"SurveyID":"SV_1AJN0KBrLPmuQu1","Element":"FL","PrimaryAttribute":"Survey Flow","SecondaryAttribute":null,"TertiaryAttribute":null,"Payload":{"Type":"Root","FlowID":"FL_1","Flow":[{"Type":"EmbeddedData","FlowID":"FL_15","EmbeddedData":[{"Description":"MID","Type":"Recipient","Field":"MID","VariableType":"Nominal"},{"Description":"MID2","Type":"Recipient","Field":"MID2","VariableType":"Nominal"},{"Description":"IMCCount","Type":"Recipient","Field":"IMCCount","VariableType":"Nominal"},{"Description":"Word_Search_Score","Type":"Custom","Field":"Word_Search_Score","VariableType":"Nominal","Value":"0"},{"Description":"Gambler_Prompt","Type":"Custom","Field":"Gambler_Prompt","VariableType":"Nominal","Value":"You observe him roll three dice and one comes up 3, and two come up 6\u2019s."},{"Description":"Pilot_Run","Type":"Custom","Field":"Pilot_Run","VariableType":"Nominal","Value":"0"},{"Description":"Mirror_Score1","Type":"Custom","Field":"Mirror_Score1","VariableType":"Nominal","Value":"0"},{"Description":"Mirror_Score2","Type":"Custom","Field":"Mirror_Score2","VariableType":"Nominal","Value":"0"},{"Description":"Mirror_Score3","Type":"Custom","Field":"Mirror_Score3","VariableType":"Nominal","Value":"0"},{"Description":"Mirror_Time1","Type":"Custom","Field":"Mirror_Time1","VariableType":"Nominal","Value":"0"},{"Description":"MIrror_Time2","Type":"Custom","Field":"MIrror_Time2","VariableType":"Nominal","Value":"0"},{"Description":"MIrror_Time3","Type":"Custom","Field":"MIrror_Time3","VariableType":"Nominal","Value":"0"},{"Description":"Mirror_Score4","Type":"Custom","Field":"Mirror_Score4","VariableType":"Nominal","Value":"0"},{"Description":"Mirror_Score5","Type":"Custom","Field":"Mirror_Score5","VariableType":"Nominal","Value":"0"},{"Description":"Mirror_Score6","Type":"Custom","Field":"Mirror_Score6","VariableType":"Nominal","Value":"0"},{"Description":"Mirror_Time4","Type":"Custom","Field":"Mirror_Time4","VariableType":"Nominal","Value":"0"},{"Description":"Mirror_Time5","Type":"Custom","Field":"Mirror_Time5","VariableType":"Nominal","Value":"0"},{"Description":"Mirror_Time6","Type":"Custom","Field":"Mirror_Time6","VariableType":"Nominal","Value":"0"}]},{"Type":"Standard","ID":"BL_eWcQK60QBk7kH89","FlowID":"FL_3"},{"Type":"Branch","FlowID":"FL_18","Description":"New Branch","BranchLogic":{"0":{"0":{"LogicType":"Question","QuestionID":"QID3","QuestionIsInLoop":"no","ChoiceLocator":"q:\/\/QID3\/SelectableChoice\/2","Operator":"Selected","QuestionIDFromLocator":"QID3","LeftOperand":"q:\/\/QID3\/SelectableChoice\/2","Type":"Expression","Description":"<span class=\"ConjDesc\">If<\/span> <span class=\"QuestionDesc\">Welcome and thank you for considering these studies!\n\n \n &nbsp;\n\n \n For the first study, you are being asked to take part in a study\n about food desirability. You will be shown a series of pictures\n of...<\/span> <span class=\"LeftOpDesc\">No, I will not participate.<\/span> Is <span class=\"OpDesc\">Selected<\/span> "},"Type":"If"},"Type":"BooleanExpression"},"Flow":[{"Type":"EndSurvey","FlowID":"FL_17","EndingType":"Advanced","Options":{"SurveyTermination":"DisplayMessage","EOSMessageLibrary":"UR_ehfQRPwcPtsOhDL","EOSMessage":"MS_af6uPIe93h3jAEZ"}}]},{"Type":"BlockRandomizer","FlowID":"FL_45","SubSet":1,"EvenPresentation":true,"Flow":[{"Type":"EmbeddedData","FlowID":"FL_46","EmbeddedData":[{"Description":"Difficulty","Type":"Custom","Field":"Difficulty","VariableType":"Nominal","Value":"0"},{"Description":"Condition","Type":"Custom","Field":"Condition","VariableType":"Nominal","Value":"0"}]},{"Type":"EmbeddedData","FlowID":"FL_47","EmbeddedData":[{"Description":"Difficulty","Type":"Custom","Field":"Difficulty","VariableType":"Nominal","Value":"1"},{"Description":"Condition","Type":"Custom","Field":"Condition","VariableType":"Nominal","Value":"1"}]},{"Type":"EmbeddedData","FlowID":"FL_50","EmbeddedData":[{"Description":"Difficulty","Type":"Custom","Field":"Difficulty","VariableType":"Nominal","Value":"0"},{"Description":"Condition","Type":"Custom","Field":"Condition","VariableType":"Nominal","Value":"1"}]},{"Type":"EmbeddedData","FlowID":"FL_51","EmbeddedData":[{"Description":"Difficulty","Type":"Custom","Field":"Difficulty","VariableType":"Nominal","Value":"1"},{"Description":"Condition","Type":"Custom","Field":"Condition","VariableType":"Nominal","Value":"0"}]}]},{"Type":"BlockRandomizer","FlowID":"FL_52","SubSet":1,"Flow":[{"Type":"EmbeddedData","FlowID":"FL_53","EmbeddedData":[{"Description":"Gambler","Type":"Custom","Field":"Gambler","VariableType":"Nominal","Value":"0"},{"Description":"Gambler","Type":"Custom","Field":"Gambler","VariableType":"Nominal","Value":"1"}]}]},{"Type":"Branch","FlowID":"FL_42","Description":"New Branch","BranchLogic":{"0":{"0":{"LogicType":"EmbeddedField","LeftOperand":"Gambler","Operator":"EqualTo","RightOperand":"1","_HiddenExpression":false,"Type":"Expression","Description":"<span class=\"ConjDesc\">If<\/span> <span class=\"QuestionDesc\"><\/span> <span class=\"LeftOpDesc\">Gambler<\/span> Is <span class=\"OpDesc\">Equal to<\/span> <span class=\"RightOpDesc\"> 1 <\/span>"},"Type":"If"},"Type":"BooleanExpression"},"Flow":[{"Type":"EmbeddedData","FlowID":"FL_43","EmbeddedData":[{"Description":"Gambler_Prompt","Type":"Custom","Field":"Gambler_Prompt","VariableType":"Nominal","Value":"You observe him roll three dice and all three come up 6\u2019s."}]}]},{"Type":"Standard","ID":"BL_3ghdcRDcBN13UON","FlowID":"FL_37"},{"Type":"Standard","ID":"BL_3EqBEDH9eDDduYt","FlowID":"FL_49"},{"Type":"Branch","FlowID":"FL_31","Description":"New Branch","BranchLogic":{"0":{"0":{"LogicType":"EmbeddedField","LeftOperand":"Difficulty","Operator":"EqualTo","RightOperand":"0","_HiddenExpression":false,"Type":"Expression","Description":"<span class=\"ConjDesc\">If<\/span> <span class=\"QuestionDesc\"><\/span> <span class=\"LeftOpDesc\">Difficulty<\/span> Is <span class=\"OpDesc\">Equal to<\/span> <span class=\"RightOpDesc\"> 0 <\/span>"},"Type":"If"},"Type":"BooleanExpression"},"Flow":[{"Type":"Standard","ID":"BL_ea0lfL6uYadnpoV","FlowID":"FL_44"}]},{"Type":"Branch","FlowID":"FL_32","Description":"New Branch","BranchLogic":{"0":{"0":{"LogicType":"EmbeddedField","LeftOperand":"Difficulty","Operator":"EqualTo","RightOperand":"1","_HiddenExpression":false,"Type":"Expression","Description":"<span class=\"ConjDesc\">If<\/span> <span class=\"QuestionDesc\"><\/span> <span class=\"LeftOpDesc\">Difficulty<\/span> Is <span class=\"OpDesc\">Equal to<\/span> <span class=\"RightOpDesc\"> 1 <\/span>"},"Type":"If"},"Type":"BooleanExpression"},"Flow":[{"Type":"Standard","ID":"BL_bDv07CXukTGjWlv","FlowID":"FL_54"}]},{"Type":"Standard","ID":"BL_d0ZOnlflBy2yjL7","FlowID":"FL_27"},{"Type":"Standard","ID":"BL_a2Hp63CEq1x7lf7","FlowID":"FL_10"},{"Type":"Standard","ID":"BL_2lfvE2MulFgzVul","FlowID":"FL_33"},{"Type":"Block","ID":"BL_9tLjhUKnCN5MIbH","FlowID":"FL_2"}],"Properties":{"Count":55}}},{"SurveyID":"SV_1AJN0KBrLPmuQu1","Element":"SO","PrimaryAttribute":"Survey Options","SecondaryAttribute":null,"TertiaryAttribute":null,"Payload":{"BackButton":"false","SaveAndContinue":"true","SurveyProtection":"PublicSurvey","BallotBoxStuffingPrevention":"false","SurveyExpiration":null,"SurveyTermination":"DisplayMessage","Header":"\n<script src=\"https:\/\/calin-jageman.net\/damisch\/js\/utility.js\"><\/script>\n<script src=\"https:\/\/calin-jageman.net\/damisch\/js\/wordsearch.js\"><\/script>\n<script src=\"https:\/\/calin-jageman.net\/mirror_trace\/base64.js\"><\/script><script src=\"https:\/\/calin-jageman.net\/mirror_trace\/canvas2image.js\"><\/script><script src=\"https:\/\/calin-jageman.net\/mirror_trace\/mirror_trace.js\"><\/script><script src=\"\/\/ajax.googleapis.com\/ajax\/libs\/jquery\/1.11.0\/jquery.min.js\"><\/script>\n<script>\nvar $j = jQuery.noConflict();\n<\/script>\n<script src=\"https:\/\/calin-jageman.net\/damisch\/js\/bob.js\"><\/script>\n<link href=\"\/\/calin-jageman.net\/damisch\/css\/style.min.css\" rel=\"stylesheet\" \/>\n<link href=\"\/\/calin-jageman.net\/damisch\/css\/wordseach.min.css\" rel=\"stylesheet\" \/>","Footer":"","ProgressBarDisplay":"VerboseText","PartialData":"+1 week","ValidationMessage":null,"PreviousButton":"  <<  ","NextButton":"  >>  ","SkinLibrary":"Qualtrics","SkinType":"MQ","Skin":"StripedGrey","NewScoring":1,"libraryId":"","nextButtonMid":"","previousButtonMid":"","headerMid":"","footerMid":"","QuestionsPerPage":"","ExternalCSS":null,"CustomStyles":{"errorStyles":{"selector":".Skin .ValidationError","styles":{"color":null,"backgroundColor":null,"borderColor":null}},"errorStylesBG":{"selector":".Skin .HeaderValidationError, .Skin .HeaderValidationError li a","styles":{"color":null,"backgroundColor":null}},"pageStyles":{"selector":"#SurveyEngineBody","styles":{"backgroundColor":null}},"textStyles":{"selector":".SkinInner","styles":{"fontFamily":null,"fontSize":null,"fontWeight":null,"fontStyle":null,"textDecoration":null,"color":null}},"questionStyles":{"selector":".Skin .QuestionText","styles":{"fontFamily":null,"fontSize":null,"fontWeight":null,"fontStyle":null,"textDecoration":null,"color":null}},"choiceStyles":{"selector":".Skin .horizontalbar th.ylabel, .Skin .Matrix table td, .Skin .Matrix table th, .Skin .Matrix table thead th, .Skin .Matrix table thead td, .Skin .PGR .DragAndDrop .Items label, .Skin .QuestionBody ul.ChoiceStructure, .Skin .PGR .DragAndDrop .Group ul, .Skin .PGR .DragAndDrop .Group h2, .Skin .PGR .DragAndDrop .Items ul, .Skin .PGR .DragAndDrop .Items h2, .Skin .DD .QuestionBody table.ChoiceStructure, .Skin .PGR .DragAndDrop .NoColumns td.groupsContainerTd div ul, .Skin .PGR .DragAndDrop .NoColumns td.groupsContainerTd div h2, .Skin .SBS thead th, .Skin .SBS td, .Skin .SBS .Answers td, .Skin .SBS .Answers th, .SBS table.ChoiceStructure, .Skin .horizontalbar thead table.LabelDescriptions tr td, .Skin .horizontalbar thead tr td.NotApplicable, .QuestionBody th, .Skin .QuestionBody .MC .MAVR label, .Skin .QuestionBody .MC .SAVR label, .Skin .SBS thead th, .Skin .SBS td, .Skin .RO .DND ul li, .Skin .reg, .SkinInner .ChoiceStructure, .Skin thead, .Skin .GAP .ChoiceStructure thead th, .Skin .GAP .ChoiceStructure .c4, .Skin .GAP .ChoiceStructure th, .Skin .GAP .ChoiceStructure .WhyText, .SkinInner .ChoiceStructure .LightBG, .Skin .QuestionOuter.Highlight .Inner .reg, .Skin .QuestionOuter.Highlight .Inner .alt, .Skin .QuestionOuter.Highlight .Inner .ReadableAlt       ","styles":{"fontFamily":null,"fontSize":null,"fontWeight":null,"fontStyle":null,"textDecoration":null,"color":null}},"headerStyles":{"selector":".Skin div#Header","styles":{"color":null}},"footerStyles":{"selector":".Skin #Footer","styles":{"color":null}},"questionSeparatorStyles":{"selector":".Skin .Separator","styles":{"backgroundColor":null,"display":null}},"highlightStyles":{"selector":".Skin .QuestionOuter.Highlight .Inner, .Skin .QuestionOuter.Highlight .Inner .reg, .Skin .QuestionOuter.Highlight .Inner .alt, .Skin .QuestionOuter.Highlight .Inner .ReadableAlt","styles":{"backgroundColor":null}},"highlightStylesAlt":{"selector":".Skin .QuestionOuter.Highlight .Inner .ReadableAlt, .Skin .QuestionOuter.Highlight .Inner .LightBG","styles":{"backgroundColor":null}},"textEntryStyles":{"selector":".Skin select, .Skin .InputText","styles":{"color":null}},"borderStyles":{"selector":".Skin .CS .horizontalbar table.sliderGrid tr.xlabel th, .Skin .CS .horizontalbar .ylabel, .Skin .CS .horizontalbar table.sliderGrid tr td.value, .Skin .Slider .horizontalbar table.sliderGrid tr.xlabel th, .Skin .BorderColor, .Skin .DarkBorderColor, .Skin .Slider .horizontalbar table.sliderGrid tr td.value, .Skin thead, .Skin .GAP .ChoiceStructure thead th  ","styles":{"borderColor":null}},"altRowStyles":{"selector":".Skin .ReadableAlt, .Skin .LightBG","styles":{"backgroundColor":null}},"customCSS":null},"HighlightQuestions":"off","EOSMessage":"MS_7OFsNJIX6OlxO5L","ShowExportTags":"false","CollectGeoLocation":"false","SurveyTitle":"Two Survey Study","SurveyMetaDescription":"Qualtrics sophisticated online survey software solutions make creating online surveys easy. Learn more about Research Suite and get a free account today.","PasswordProtection":"No","AnonymizeResponse":"No","Password":"","RefererCheck":"No","NoIndex":"No","RefererURL":"http:\/\/","EOSMessageLibrary":"UR_ehfQRPwcPtsOhDL","EOSRedirectURL":"http:\/\/","EmailThankYou":"false","ThankYouEmailMessageLibrary":null,"ThankYouEmailMessage":null,"ValidateMessage":"false","ValidationMessageLibrary":null,"InactiveSurvey":"DefaultMessage","InactiveMessageLibrary":"","InactiveMessage":"","AvailableLanguages":{"EN":[]},"ProtectSelectionIds":true,"PageTransition":"None"}},{"SurveyID":"SV_1AJN0KBrLPmuQu1","Element":"SCO","PrimaryAttribute":"Scoring","SecondaryAttribute":null,"TertiaryAttribute":null,"Payload":{"ScoringCategories":[],"ScoringCategoryGroups":[],"ScoringSummaryCategory":null,"ScoringSummaryAfterQuestions":0,"ScoringSummaryAfterSurvey":0,"DefaultScoringCategory":null,"AutoScoringCategory":null}},{"SurveyID":"SV_1AJN0KBrLPmuQu1","Element":"STAT","PrimaryAttribute":"Survey Statistics","SecondaryAttribute":null,"TertiaryAttribute":null,"Payload":{"MobileCompatible":true,"ID":"Survey Statistics"}},{"SurveyID":"SV_1AJN0KBrLPmuQu1","Element":"QC","PrimaryAttribute":"Survey Question Count","SecondaryAttribute":"112","TertiaryAttribute":null,"Payload":null},{"SurveyID":"SV_1AJN0KBrLPmuQu1","Element":"SQ","PrimaryAttribute":"QID66","SecondaryAttribute":"\u00a0How familiar to you were the word search task you\nanswered?","TertiaryAttribute":null,"Payload":{"QuestionText":"<b>&nbsp;How familiar to you were the word search task you answered?<\/b>","DefaultChoices":false,"DataExportTag":"familiar","QuestionType":"MC","Selector":"SAVR","SubSelector":"TX","Configuration":{"QuestionDescriptionOption":"UseText"},"QuestionDescription":"\u00a0How familiar to you were the word search task you\nanswered?","Choices":{"1":{"Display":"Not familiar - I've never completed a word search task online before."},"2":{"Display":"Somewhat familiar -- I've completed word searches like this online before, but not with that word list."},"3":{"Display":"Familiar - I've completed word searchers like this online before, and some of the words were probably the same."},"4":{"Display":"Very familiar - I've completed on online word search before using this exact same word list."}},"ChoiceOrder":[1,2,3,4],"Validation":{"Settings":{"ForceResponse":"ON","ForceResponseType":"ON","Type":"None"}},"GradingData":[],"Language":[],"QuestionID":"QID66"}},{"SurveyID":"SV_1AJN0KBrLPmuQu1","Element":"SQ","PrimaryAttribute":"QID93","SecondaryAttribute":"\u00a0Please read the below statements and answer to how much you\nagree with each\u00a0statement.\n\u00a0 \u00a0","TertiaryAttribute":null,"Payload":{"QuestionText":"&nbsp;Please read the below statements and answer to how much you agree with each&nbsp;statement.<br><br>&nbsp;\n\n&nbsp;","DefaultChoices":false,"DataExportTag":"man_check","QuestionType":"Matrix","Selector":"Likert","SubSelector":"SingleAnswer","Configuration":{"QuestionDescriptionOption":"UseText","TextPosition":"inline","ChoiceColumnWidth":25,"RepeatHeaders":"none","WhiteSpace":"OFF"},"QuestionDescription":"\u00a0Please read the below statements and answer to how much you\nagree with each\u00a0statement.\n\u00a0 \u00a0","Choices":{"1":{"Display":"I feel powerful."},"2":{"Display":"I feel influential."},"3":{"Display":"I am in charge of my life."},"4":{"Display":"I feel independent"},"5":{"Display":"I feel unimportant"}},"ChoiceOrder":["1","2","3","4","5"],"Validation":{"Settings":{"ForceResponse":"OFF","ForceResponseType":"ON","Type":"None"}},"GradingData":[],"Language":[],"Answers":{"74":{"Display":"Strongly Disagree"},"75":{"Display":"Disagree"},"76":{"Display":"Somewhat Disagree"},"77":{"Display":"Neither Agree nor Disagree"},"78":{"Display":"Somewhat Agree"},"79":{"Display":"Agree"},"80":{"Display":"Strongly Agree"}},"AnswerOrder":["74","75","76","77","78","79","80"],"ChoiceDataExportTags":false,"QuestionID":"QID93"}},{"SurveyID":"SV_1AJN0KBrLPmuQu1","Element":"SQ","PrimaryAttribute":"QID112","SecondaryAttribute":"\u00a0Please read the below statements and answer to how much you\nagree with each\u00a0statement.\n\u00a0 \u00a0","TertiaryAttribute":null,"Payload":{"QuestionText":"&nbsp;Please read the below statements and answer to how much you agree with each&nbsp;statement.<br><br>&nbsp;\n\n&nbsp;","DefaultChoices":false,"QuestionType":"Matrix","Selector":"Likert","SubSelector":"SingleAnswer","Configuration":{"QuestionDescriptionOption":"UseText","TextPosition":"inline","ChoiceColumnWidth":25,"RepeatHeaders":"none","WhiteSpace":"OFF"},"QuestionDescription":"\u00a0Please read the below statements and answer to how much you\nagree with each\u00a0statement.\n\u00a0 \u00a0","Choices":{"1":{"Display":"I feel powerful."},"2":{"Display":"I feel influential."},"3":{"Display":"I am in charge of my life."},"4":{"Display":"I feel independent"},"5":{"Display":"I feel unimportant"}},"ChoiceOrder":["1","2","3","4","5"],"Validation":{"Settings":{"ForceResponse":"OFF","ForceResponseType":"ON","Type":"None"}},"GradingData":[],"Language":[],"Answers":{"74":{"Display":"Strongly Disagree"},"75":{"Display":"Disagree"},"76":{"Display":"Somewhat Disagree"},"77":{"Display":"Neither Agree nor Disagree"},"78":{"Display":"Somewhat Agree"},"79":{"Display":"Agree"},"80":{"Display":"Strongly Agree"}},"AnswerOrder":["74","75","76","77","78","79","80"],"ChoiceDataExportTags":false,"QuestionText_Unsafe":"&nbsp;Please read the below statements and answer to how much you agree with each&nbsp;statement.<br><br>&nbsp;\n\n&nbsp;","DataExportTag":"Q112","QuestionID":"QID112"}},{"SurveyID":"SV_1AJN0KBrLPmuQu1","Element":"QG","PrimaryAttribute":"QG_oEkjnsUbsPnyisE","SecondaryAttribute":"Default Quota Group","TertiaryAttribute":null,"Payload":{"ID":"QG_oEkjnsUbsPnyisE","Name":"Default Quota Group","Selected":true,"MultipleMatch":"PlaceInAll","Public":false,"Quotas":[]}},{"SurveyID":"SV_1AJN0KBrLPmuQu1","Element":"RS","PrimaryAttribute":"RS_b2wJu1OZmIuaFI9","SecondaryAttribute":"Default Response Set","TertiaryAttribute":null,"Payload":null},{"SurveyID":"SV_1AJN0KBrLPmuQu1","Element":"SQ","PrimaryAttribute":"QID106","SecondaryAttribute":"Drawing panel\n \n Trial 1","TertiaryAttribute":null,"Payload":{"QuestionText":"<div id=\"miror_div\">\n  <canvas id=\"mirror\" width=\"400\" height=\"300\" style=\"border:1px solid #000000;\"><\/canvas>\n<\/div>\n<div id=\"sketch\">\n  <canvas id=\"paint\" width=\"400\" height=\"300\" style=\"border:1px solid #000000;\"><\/canvas>\n<\/div>\n<div id=\"status\"><\/div>\nDrawing panel<div><br><\/div><div>Trial 1<\/div>","QuestionJS":"Qualtrics.SurveyEngine.addOnload(function()\n{\n\n\t\/\/define trialnumber\n\ttrialnumber = 4;\n    \/\/trial\n\tMID = '${e:\/\/Field\/MID}';\n\n   \n\t \n\t\n\t this.questionclick = function gotit(event,element){ \n\t\t if (finished) {this.clickNextButton().delay(3); }\n\t\t \n          if (timeFinished > 5) \n          { \n               this.clickNextButton();\n          } \n     }\n\t\n\tvar myVar = setInterval(function(){tfunction()}, 500); \n\t \n\tdo_mirror();\n\n});\n\n\tfunction tfunction() {\n\t    Qualtrics.SurveyEngine.setEmbeddedData('Mirror_Score'+trialnumber, score);\n\t    Qualtrics.SurveyEngine.setEmbeddedData('Mirror_Time'+trialnumber, timeDiff);\n\t\tif (finished) { timeFinished += 1; }\n\t\tif (timeFinished > 5) {\n\t\t\t\n\t\t}\n\t}","DefaultChoices":false,"DataExportTag":"mt_e1","QuestionType":"DB","Selector":"TB","Configuration":{"QuestionDescriptionOption":"UseText"},"QuestionDescription":"Drawing panel\n \n Trial 1","ChoiceOrder":[],"Validation":{"Settings":{"Type":"None"}},"GradingData":[],"Language":[],"QuestionID":"QID106"}},{"SurveyID":"SV_1AJN0KBrLPmuQu1","Element":"SQ","PrimaryAttribute":"QID109","SecondaryAttribute":"Drawing panel\n \n Trial 1","TertiaryAttribute":null,"Payload":{"QuestionText":"<div id=\"miror_div\">\n  <canvas id=\"mirror\" width=\"400\" height=\"300\" style=\"border:1px solid #000000;\"><\/canvas>\n<\/div>\n<div id=\"sketch\">\n  <canvas id=\"paint\" width=\"400\" height=\"300\" style=\"border:1px solid #000000;\"><\/canvas>\n<\/div>\n<div id=\"status\"><\/div>\nDrawing panel<div><br><\/div><div>Trial 1<\/div>","QuestionJS":"Qualtrics.SurveyEngine.addOnload(function()\n{\n\n\t\/\/define trialnumber\n\ttrialnumber = 1;\n    \/\/trial\n\tMID = '${e:\/\/Field\/MID}';\n\n   \n\t \n\t\n\t this.questionclick = function gotit(event,element){ \n\t\t if (finished) {this.clickNextButton().delay(3); }\n\t\t \n          if (timeFinished > 5) \n          { \n               this.clickNextButton();\n          } \n     }\n\t\n\tvar myVar = setInterval(function(){tfunction()}, 500); \n\t \n\tdo_mirror();\n\n});\n\n\tfunction tfunction() {\n\t    Qualtrics.SurveyEngine.setEmbeddedData('Mirror_Score'+trialnumber, score);\n\t    Qualtrics.SurveyEngine.setEmbeddedData('Mirror_Time'+trialnumber, timeDiff);\n\t\tif (finished) { timeFinished += 1; }\n\t\tif (timeFinished > 5) {\n\t\t\t\n\t\t}\n\t}","DefaultChoices":false,"QuestionType":"DB","Selector":"TB","Configuration":{"QuestionDescriptionOption":"UseText"},"QuestionDescription":"Drawing panel\n \n Trial 1","ChoiceOrder":[],"Validation":{"Settings":{"Type":"None"}},"GradingData":[],"Language":[],"QuestionText_Unsafe":"<div id=\"miror_div\">\n  <canvas id=\"mirror\" width=\"400\" height=\"300\" style=\"border:1px solid #000000;\"><\/canvas>\n<\/div>\n<div id=\"sketch\">\n  <canvas id=\"paint\" width=\"400\" height=\"300\" style=\"border:1px solid #000000;\"><\/canvas>\n<\/div>\n<div id=\"status\"><\/div>\nDrawing panel<div><br><\/div><div>Trial 1<\/div>","DataExportTag":"mt_h1","QuestionID":"QID109"}},{"SurveyID":"SV_1AJN0KBrLPmuQu1","Element":"SQ","PrimaryAttribute":"QID107","SecondaryAttribute":"Drawing panel\n \n Trial 2","TertiaryAttribute":null,"Payload":{"QuestionText":"<div id=\"miror_div\">\n  <canvas id=\"mirror\" width=\"400\" height=\"300\" style=\"border:1px solid #000000;\"><\/canvas>\n<\/div>\n<div id=\"sketch\">\n  <canvas id=\"paint\" width=\"400\" height=\"300\" style=\"border:1px solid #000000;\"><\/canvas>\n<\/div>\n<div id=\"status\"><\/div>\nDrawing panel<div><br><\/div><div>Trial 2<\/div>","QuestionJS":"Qualtrics.SurveyEngine.addOnload(function()\n{\n\n\t\/\/define trialnumber\n\ttrialnumber = 5;\n    \/\/trial\n\tMID = '${e:\/\/Field\/MID}';\n\n   \n\t \n\t\n\t this.questionclick = function gotit(event,element){ \n\t\t if (finished) {this.clickNextButton().delay(3); }\n\t\t \n          if (timeFinished > 5) \n          { \n               this.clickNextButton();\n          } \n     }\n\t\n\tvar myVar = setInterval(function(){tfunction()}, 500); \n\t \n\tdo_mirror();\n\n});\n\n\tfunction tfunction() {\n\t    Qualtrics.SurveyEngine.setEmbeddedData('Mirror_Score'+trialnumber, score);\n\t    Qualtrics.SurveyEngine.setEmbeddedData('Mirror_Time'+trialnumber, timeDiff);\n\t\tif (finished) { timeFinished += 1; }\n\t\tif (timeFinished > 5) {\n\t\t\t\n\t\t}\n\t}","DefaultChoices":false,"DataExportTag":"mt_e2","QuestionType":"DB","Selector":"TB","Configuration":{"QuestionDescriptionOption":"UseText"},"QuestionDescription":"Drawing panel\n \n Trial 2","ChoiceOrder":[],"Validation":{"Settings":{"Type":"None"}},"GradingData":[],"Language":[],"QuestionID":"QID107"}},{"SurveyID":"SV_1AJN0KBrLPmuQu1","Element":"SQ","PrimaryAttribute":"QID110","SecondaryAttribute":"Drawing panel\n \n Trial 2","TertiaryAttribute":null,"Payload":{"QuestionText":"<div id=\"miror_div\">\n  <canvas id=\"mirror\" width=\"400\" height=\"300\" style=\"border:1px solid #000000;\"><\/canvas>\n<\/div>\n<div id=\"sketch\">\n  <canvas id=\"paint\" width=\"400\" height=\"300\" style=\"border:1px solid #000000;\"><\/canvas>\n<\/div>\n<div id=\"status\"><\/div>\nDrawing panel<div><br><\/div><div>Trial 2<\/div>","QuestionJS":"Qualtrics.SurveyEngine.addOnload(function()\n{\n\n\t\/\/define trialnumber\n\ttrialnumber = 2;\n    \/\/trial\n\tMID = '${e:\/\/Field\/MID}';\n\n   \n\t \n\t\n\t this.questionclick = function gotit(event,element){ \n\t\t if (finished) {this.clickNextButton().delay(3); }\n\t\t \n          if (timeFinished > 5) \n          { \n               this.clickNextButton();\n          } \n     }\n\t\n\tvar myVar = setInterval(function(){tfunction()}, 500); \n\t \n\tdo_mirror();\n\n});\n\n\tfunction tfunction() {\n\t    Qualtrics.SurveyEngine.setEmbeddedData('Mirror_Score'+trialnumber, score);\n\t    Qualtrics.SurveyEngine.setEmbeddedData('Mirror_Time'+trialnumber, timeDiff);\n\t\tif (finished) { timeFinished += 1; }\n\t\tif (timeFinished > 5) {\n\t\t\t\n\t\t}\n\t}","DefaultChoices":false,"QuestionType":"DB","Selector":"TB","Configuration":{"QuestionDescriptionOption":"UseText"},"QuestionDescription":"Drawing panel\n \n Trial 2","ChoiceOrder":[],"Validation":{"Settings":{"Type":"None"}},"GradingData":[],"Language":[],"QuestionText_Unsafe":"<div id=\"miror_div\">\n  <canvas id=\"mirror\" width=\"400\" height=\"300\" style=\"border:1px solid #000000;\"><\/canvas>\n<\/div>\n<div id=\"sketch\">\n  <canvas id=\"paint\" width=\"400\" height=\"300\" style=\"border:1px solid #000000;\"><\/canvas>\n<\/div>\n<div id=\"status\"><\/div>\nDrawing panel<div><br><\/div><div>Trial 2<\/div>","DataExportTag":"mt_h2","QuestionID":"QID110"}},{"SurveyID":"SV_1AJN0KBrLPmuQu1","Element":"SQ","PrimaryAttribute":"QID108","SecondaryAttribute":"Drawing panel\n \n Trial 3","TertiaryAttribute":null,"Payload":{"QuestionText":"<div id=\"miror_div\">\n  <canvas id=\"mirror\" width=\"400\" height=\"300\" style=\"border:1px solid #000000;\"><\/canvas>\n<\/div>\n<div id=\"sketch\">\n  <canvas id=\"paint\" width=\"400\" height=\"300\" style=\"border:1px solid #000000;\"><\/canvas>\n<\/div>\n<div id=\"status\"><\/div>\nDrawing panel<div><br><\/div><div>Trial 3<\/div>","QuestionJS":"Qualtrics.SurveyEngine.addOnload(function()\n{\n\n\t\/\/define trialnumber\n\ttrialnumber = 6;\n    \/\/trial\n\tMID = '${e:\/\/Field\/MID}';\n\n   \n\t \n\t\n\t this.questionclick = function gotit(event,element){ \n\t\t if (finished) {this.clickNextButton().delay(3); }\n\t\t \n          if (timeFinished > 5) \n          { \n               this.clickNextButton();\n          } \n     }\n\t\n\tvar myVar = setInterval(function(){tfunction()}, 500); \n\t \n\tdo_mirror();\n\n});\n\n\tfunction tfunction() {\n\t    Qualtrics.SurveyEngine.setEmbeddedData('Mirror_Score'+trialnumber, score);\n\t    Qualtrics.SurveyEngine.setEmbeddedData('Mirror_Time'+trialnumber, timeDiff);\n\t\tif (finished) { timeFinished += 1; }\n\t\tif (timeFinished > 5) {\n\t\t\t\n\t\t}\n\t}","DefaultChoices":false,"DataExportTag":"mt_e3","QuestionType":"DB","Selector":"TB","Configuration":{"QuestionDescriptionOption":"UseText"},"QuestionDescription":"Drawing panel\n \n Trial 3","ChoiceOrder":[],"Validation":{"Settings":{"Type":"None"}},"GradingData":[],"Language":[],"QuestionID":"QID108"}},{"SurveyID":"SV_1AJN0KBrLPmuQu1","Element":"SQ","PrimaryAttribute":"QID111","SecondaryAttribute":"Drawing panel\n \n Trial 3","TertiaryAttribute":null,"Payload":{"QuestionText":"<div id=\"miror_div\">\n  <canvas id=\"mirror\" width=\"400\" height=\"300\" style=\"border:1px solid #000000;\"><\/canvas>\n<\/div>\n<div id=\"sketch\">\n  <canvas id=\"paint\" width=\"400\" height=\"300\" style=\"border:1px solid #000000;\"><\/canvas>\n<\/div>\n<div id=\"status\"><\/div>\nDrawing panel<div><br><\/div><div>Trial 3<\/div>","QuestionJS":"Qualtrics.SurveyEngine.addOnload(function()\n{\n\n\t\/\/define trialnumber\n\ttrialnumber = 3;\n    \/\/trial\n\tMID = '${e:\/\/Field\/MID}';\n\n   \n\t \n\t\n\t this.questionclick = function gotit(event,element){ \n\t\t if (finished) {this.clickNextButton().delay(3); }\n\t\t \n          if (timeFinished > 5) \n          { \n               this.clickNextButton();\n          } \n     }\n\t\n\tvar myVar = setInterval(function(){tfunction()}, 500); \n\t \n\tdo_mirror();\n\n});\n\n\tfunction tfunction() {\n\t    Qualtrics.SurveyEngine.setEmbeddedData('Mirror_Score'+trialnumber, score);\n\t    Qualtrics.SurveyEngine.setEmbeddedData('Mirror_Time'+trialnumber, timeDiff);\n\t\tif (finished) { timeFinished += 1; }\n\t\tif (timeFinished > 5) {\n\t\t\t\n\t\t}\n\t}","DefaultChoices":false,"QuestionType":"DB","Selector":"TB","Configuration":{"QuestionDescriptionOption":"UseText"},"QuestionDescription":"Drawing panel\n \n Trial 3","ChoiceOrder":[],"Validation":{"Settings":{"Type":"None"}},"GradingData":[],"Language":[],"QuestionText_Unsafe":"<div id=\"miror_div\">\n  <canvas id=\"mirror\" width=\"400\" height=\"300\" style=\"border:1px solid #000000;\"><\/canvas>\n<\/div>\n<div id=\"sketch\">\n  <canvas id=\"paint\" width=\"400\" height=\"300\" style=\"border:1px solid #000000;\"><\/canvas>\n<\/div>\n<div id=\"status\"><\/div>\nDrawing panel<div><br><\/div><div>Trial 3<\/div>","DataExportTag":"mt_h3","QuestionID":"QID111"}},{"SurveyID":"SV_1AJN0KBrLPmuQu1","Element":"SQ","PrimaryAttribute":"QID74","SecondaryAttribute":"If you had to guess, what do you think was the hypothesis for this\nstudy?","TertiaryAttribute":null,"Payload":{"QuestionText":"If you had to guess, what do you think was the hypothesis for this study?","DefaultChoices":false,"DataExportTag":"hypothesis","QuestionType":"TE","Selector":"ML","Configuration":{"QuestionDescriptionOption":"UseText","InputWidth":630,"InputHeight":90},"QuestionDescription":"If you had to guess, what do you think was the hypothesis for this\nstudy?","Validation":{"Settings":{"ForceResponse":"OFF","ForceResponseType":"ON","Type":"None"}},"GradingData":[],"Language":[],"QuestionID":"QID74"}},{"SurveyID":"SV_1AJN0KBrLPmuQu1","Element":"SQ","PrimaryAttribute":"QID64","SecondaryAttribute":"Imagine that you are in a\ncasino and you happen to pass a man rolling\ndice.\u00a0...","TertiaryAttribute":null,"Payload":{"QuestionText":"<span style=\"font-size:16px;\"><span style=\"font-family:arial,helvetica,sans-serif;\">Imagine that you are in a casino and you happen to pass a man rolling dice.&nbsp;<\/span><b>${e:\/\/Field\/Gambler_Prompt}<\/b> Based on your imagined scenario, how many times do you think the man had rolled the dice before you walked by?&nbsp;<\/span>","DefaultChoices":false,"DataExportTag":"gambler_re","QuestionType":"TE","Selector":"SL","Configuration":{"QuestionDescriptionOption":"UseText","InputWidth":220},"QuestionDescription":"Imagine that you are in a\ncasino and you happen to pass a man rolling\ndice.\u00a0...","Validation":{"Settings":{"ForceResponse":"OFF","ForceResponseType":"ON","Type":"None","ContentType":null,"ValidDateType":"DateWithFormat","ValidPhoneType":"ValidUSPhone","ValidZipType":"ValidUSZip","ValidNumber":{"Min":"0","Max":"150"}}},"GradingData":[],"Language":[],"QuestionID":"QID64"}},{"SurveyID":"SV_1AJN0KBrLPmuQu1","Element":"SQ","PrimaryAttribute":"QID76","SecondaryAttribute":"In this study, you were\nasked to write about \"incident in\nwhich someone else had power over you\"....","TertiaryAttribute":null,"Payload":{"QuestionText":"<span style=\"font-size:16px;\"><span style=\"font-family:arial,helvetica,sans-serif;\">In this study, you were asked to write about &quot;<span style=\"line-height: 115%;\">incident in which someone else had power over you<\/span>&quot;. &nbsp;It is possible, however, that you may already been part of a study that used this same memory recall question.<\/span><\/span>","DefaultChoices":false,"DataExportTag":"fam_cont","QuestionType":"DB","Selector":"TB","Configuration":{"QuestionDescriptionOption":"UseText"},"QuestionDescription":"In this study, you were\nasked to write about \"incident in\nwhich someone else had power over you\"....","ChoiceOrder":[],"Validation":{"Settings":{"Type":"None"}},"GradingData":[],"Language":[],"QuestionID":"QID76","DisplayLogic":{"0":{"0":{"LogicType":"EmbeddedField","LeftOperand":"Condition","Operator":"EqualTo","RightOperand":"0","_HiddenExpression":false,"Type":"Expression","Description":"<span class=\"ConjDesc\">If<\/span> <span class=\"QuestionDesc\"><\/span> <span class=\"LeftOpDesc\">Condition<\/span> Is <span class=\"OpDesc\">Equal to<\/span> <span class=\"RightOpDesc\"> 0 <\/span>"},"Type":"If"},"Type":"BooleanExpression","inPage":false}}},{"SurveyID":"SV_1AJN0KBrLPmuQu1","Element":"SQ","PrimaryAttribute":"QID77","SecondaryAttribute":"In this study, you were\nasked to write about \"incident in\nwhich you had power over another indivi...","TertiaryAttribute":null,"Payload":{"QuestionText":"<span style=\"font-size:16px;\"><span style=\"font-family:arial,helvetica,sans-serif;\">In this study, you were asked to write about &quot;<span style=\"line-height: 115%;\">incident in which you had power over another individual or individuals<\/span>&quot;. &nbsp;It is possible, however, that you may already been part of a study that used this&nbsp;same memory recall question.<\/span><\/span>","DefaultChoices":false,"DataExportTag":"fam_power","QuestionType":"DB","Selector":"TB","Configuration":{"QuestionDescriptionOption":"UseText"},"QuestionDescription":"In this study, you were\nasked to write about \"incident in\nwhich you had power over another indivi...","ChoiceOrder":[],"Validation":{"Settings":{"Type":"None"}},"GradingData":[],"Language":[],"QuestionID":"QID77"}},{"SurveyID":"SV_1AJN0KBrLPmuQu1","Element":"SQ","PrimaryAttribute":"QID103","SecondaryAttribute":"On the word search you scored\u00a0${e:\/\/Field\/Word_Search_Score}.\n \n Is this score valid, or did you...","TertiaryAttribute":null,"Payload":{"QuestionText":"On the word search you scored&nbsp;${e:\/\/Field\/Word_Search_Score}.<div><br><\/div><div><b>Is this score valid, or did you encounter technical problems with the word search?&nbsp;<\/b><\/div><div><br><\/div><div>&nbsp;If you encountered any technical problems, please describe them below. &nbsp;If you did not encounter any technical problems with the word search task, just skip this question.<\/div>","DefaultChoices":false,"DataExportTag":"WSProb","QuestionType":"TE","Selector":"ML","Configuration":{"QuestionDescriptionOption":"UseText"},"QuestionDescription":"On the word search you scored\u00a0${e:\/\/Field\/Word_Search_Score}.\n \n Is this score valid, or did you...","Validation":{"Settings":{"ForceResponse":"OFF","ForceResponseType":"ON","Type":"None"}},"GradingData":[],"Language":[],"QuestionID":"QID103"}},{"SurveyID":"SV_1AJN0KBrLPmuQu1","Element":"SQ","PrimaryAttribute":"QID98","SecondaryAttribute":"Please find as many of the listed\n words as possible in the grid. \u00a0Words can be hidden in the\n gr..","TertiaryAttribute":null,"Payload":{"QuestionText":"<div><span style=\"font-size:16px;\">Please find as many of the listed words as possible in the grid. &nbsp;Words can be hidden in the grid horizontally, vertically or diagonally. &nbsp;They can be placed forwards or backwards<strong>.&nbsp;<\/strong>When you correctly mark a word it will turn red. &nbsp;You have up to 5 minutes. &nbsp;If you find all 10 words, you will automatically advance to the next part of the study. &nbsp;<b>Please try to reach the maximum score possible.<\/b><\/span><\/div>\n\n<div>&nbsp;<\/div>\n\n<center>\n<h2>&nbsp;<\/h2>\n\n<div id=\"score\">Found 0 out of 10 words so far.<\/div>\n<\/center>\n\n<section id=\"ws-area\">&nbsp;<\/section>\n\n<ul class=\"ws-words\">\n<\/ul>","QuestionJS":"var qthis;\n\nQualtrics.SurveyEngine.addOnload(function()\n{\n\t\/*Place Your Javascript Below This Line*\/\n\t\n\t\/\/Possible_Condition\n\t\n\tvar gameAreaEl = document.getElementById('ws-area');\n\n     var thesesettings = {\n      'directions': ['W', 'N', 'WN', 'EN'],\n      'gridSize': 14,\n      'words': [\n\t     'board',\n\t\t'authority',\n\t\t'executive',\n\t\t'coffee',\n\t\t'clock',\n\t\t'boss',\n\t\t'influence',\n\t\t'house',\n\t\t'rich',\n\t\t'control'\n\t  ],\n      'debug': false,\n\t  'condition' : 5,\n\t  'same' : true,\n\t  'test' : false\n    }\n\t\n\t\n      var listlength = thesesettings.words.length;\n\t\n\t \n\t  \n      var gameobj = gameAreaEl.wordSeach(thesesettings);\n\n\t\n      \/\/ Put words into `.ws-words`\n      var wordsnow = thesesettings.words,\n      wordsWrap = document.querySelector('.ws-words');\n\t  var count=0;\n      for (i in wordsnow) {\n\t\t  if (count < listlength) {\n        var liEl = document.createElement('li');\n\t    liEl.setAttribute('id', wordsnow[i]);\n        liEl.setAttribute('class', 'ws-word');\n\t    liEl.setAttribute(\"text-decoration\", \"none\");\n        liEl.innerHTML = wordsnow[i];\n        wordsWrap.appendChild(liEl);\n\t\t  }\n\t\t  count = count + 1;\n      }\n\t qthis = this;\n    \t\t\t\t\t\n\t var myVar = setInterval(function(){tfunction()}, 500); \n\t\t\t\t\t\t\n\t\/\/var UpdateScore = setInterval (function {tfunction()), 1000);    \/\/save counter back to qualtrics\n\n});\n\t\n\n\tfunction tfunction() {\n\t\tQualtrics.SurveyEngine.setEmbeddedData('Word_Search_Score', document.getElementById(\"score\").innerHTML.replace(\"Found \", \"\").replace(\" out of 1 words so far.\", \"\"));\n\n\t\tvar cscore = document.getElementById(\"score\").innerHTML;\n\n\t\tif (cscore.indexOf(\"Found 10\") > -1) {\n\t\n\t\t\t qthis.clickNextButton();\n\t\t}\n     \t\t\n\t}","DefaultChoices":false,"DataExportTag":"ws_power","QuestionType":"DB","Selector":"TB","Configuration":{"QuestionDescriptionOption":"UseText"},"QuestionDescription":"Please find as many of the listed\n words as possible in the grid. \u00a0Words can be hidden in the\n gr...","ChoiceOrder":[],"Validation":{"Settings":{"Type":"None"}},"GradingData":[],"Language":[],"QuestionID":"QID98","DisplayLogic":{"0":{"0":{"LogicType":"EmbeddedField","LeftOperand":"Condition","Operator":"EqualTo","RightOperand":"1","_HiddenExpression":false,"Type":"Expression","Description":"<span class=\"ConjDesc\">If<\/span> <span class=\"QuestionDesc\"><\/span> <span class=\"LeftOpDesc\">Condition<\/span> Is <span class=\"OpDesc\">Equal to<\/span> <span class=\"RightOpDesc\"> 1 <\/span>"},"Type":"If"},"Type":"BooleanExpression","inPage":false}}},{"SurveyID":"SV_1AJN0KBrLPmuQu1","Element":"SQ","PrimaryAttribute":"QID101","SecondaryAttribute":"Please find as many of the listed\n words as possible in the grid. \u00a0Words can be hidden in the\n gr..","TertiaryAttribute":null,"Payload":{"QuestionText":"<div><span style=\"font-size:16px;\">Please find as many of the listed words as possible in the grid. &nbsp;Words can be hidden in the grid horizontally, vertically or diagonally. &nbsp;They can be placed forwards or backwards<strong>.&nbsp;<\/strong>When you correctly mark a word it will turn red. &nbsp;You have up to 5 minutes. &nbsp;If you find all 10 words, you will automatically advance to the next part of the study. &nbsp;<b>Please try to reach the maximum score possible.<\/b><\/span><\/div>\n\n<div>&nbsp;<\/div>\n\n<center>\n<h2>&nbsp;<\/h2>\n\n<div id=\"score\">Found 0 out of 10 words so far.<\/div>\n<\/center>\n\n<section id=\"ws-area\">&nbsp;<\/section>\n\n<ul class=\"ws-words\">\n<\/ul>","QuestionJS":"var qthis;\n\nQualtrics.SurveyEngine.addOnload(function()\n{\n\t\/*Place Your Javascript Below This Line*\/\n\t\n\t\/\/Possible_Condition\n\t\n\tvar gameAreaEl = document.getElementById('ws-area');\n\n     var thesesettings = {\n      'directions': ['W', 'N', 'WN', 'EN'],\n      'gridSize': 14,\n      'words': [\n\t     'board',\n\t\t'coffee',\n\t\t'clock',\n\t\t'house',\n\t\t'chalk',\n\t\t'building',\n\t\t'telephone',\n\t\t'magazine',\n\t\t'lamp',\n\t\t'water'\n\t  ],\n      'debug': false,\n\t  'condition' : 4,\n\t  'same' : true,\n\t  'test' : false\n    }\n\t\n\t\n      var listlength = thesesettings.words.length;\n\t\n\t \n\t  \n      var gameobj = gameAreaEl.wordSeach(thesesettings);\n\n\t\n      \/\/ Put words into `.ws-words`\n      var wordsnow = thesesettings.words,\n      wordsWrap = document.querySelector('.ws-words');\n\t  var count=0;\n      for (i in wordsnow) {\n\t\t  if (count < listlength) {\n        var liEl = document.createElement('li');\n\t    liEl.setAttribute('id', wordsnow[i]);\n        liEl.setAttribute('class', 'ws-word');\n\t    liEl.setAttribute(\"text-decoration\", \"none\");\n        liEl.innerHTML = wordsnow[i];\n        wordsWrap.appendChild(liEl);\n\t\t  }\n\t\t  count = count + 1;\n      }\n\t\n     qthis = this;    \t\t\t\t\t\n\t var myVar = setInterval(function(){tfunction()}, 500); \n\t\t\t\t\t\t\n\t\/\/var UpdateScore = setInterval (function {tfunction()), 1000);    \/\/save counter back to qualtrics\n\n});\n\t\n\n\tfunction tfunction() {\n\t\tQualtrics.SurveyEngine.setEmbeddedData('Word_Search_Score', document.getElementById(\"score\").innerHTML.replace(\"Found \", \"\").replace(\" out of 1 words so far.\", \"\"));\n        \n\t\tvar cscore = document.getElementById(\"score\").innerHTML;\n\n\t\tif (cscore.indexOf(\"Found 10\") > -1) {\n\t\t\t  \n\t\t\t  qthis.clickNextButton();\n\t\t}\n     \t\t\n\t}","DefaultChoices":false,"DataExportTag":"ws_control","QuestionType":"DB","Selector":"TB","Configuration":{"QuestionDescriptionOption":"UseText"},"QuestionDescription":"Please find as many of the listed\n words as possible in the grid. \u00a0Words can be hidden in the\n gr...","ChoiceOrder":[],"Validation":{"Settings":{"Type":"None"}},"GradingData":[],"Language":[],"QuestionID":"QID101","DisplayLogic":{"0":{"0":{"LogicType":"EmbeddedField","LeftOperand":"Condition","Operator":"EqualTo","RightOperand":"0","_HiddenExpression":false,"Type":"Expression","Description":"<span class=\"ConjDesc\">If<\/span> <span class=\"QuestionDesc\"><\/span> <span class=\"LeftOpDesc\">Condition<\/span> Is <span class=\"OpDesc\">Equal to<\/span> <span class=\"RightOpDesc\"> 0 <\/span>"},"Type":"If"},"Type":"BooleanExpression","inPage":false}}},{"SurveyID":"SV_1AJN0KBrLPmuQu1","Element":"SQ","PrimaryAttribute":"QID97","SecondaryAttribute":"The first task in this study is a\nword search.\n \u00a0\n\n On the next screen you will see an\n 11x14 gri..","TertiaryAttribute":null,"Payload":{"QuestionText":"<span style=\"font-size:16px;\">The first task in this study is a word search.<\/span>\n<div>&nbsp;<\/div>\n\n<div><span style=\"font-size:16px;\">On the next screen you will see an 11x14 grid of letters. &nbsp;Next to the grid will be a list of 10 words. &nbsp;Your task is to find as many of the words listed on the grid as possible. &nbsp;<\/span><\/div>\n\n<div>&nbsp;<\/div>\n\n<ul>\n\t<li><span style=\"font-size:16px;\">Words can be hidden in the grid horizontally, vertically or diagonally. &nbsp;They can be placed forwards or backwards.<\/span><\/li>\n\t<li><span style=\"font-size:16px;\">To &#39;find&#39; a word, click your mouse down over the start of the word and drag to the end.<\/span><\/li>\n\t<li><span style=\"font-size:16px;\">You get 1 point for each word found. &nbsp;The order you find the words does not matter. &nbsp;<\/span><\/li>\n\t<li><span style=\"font-size:16px;\">You have up to 5 minutes to complete this task, after that you will be automatically moved to the next part of the study. &nbsp;&nbsp;<\/span><\/li>\n<\/ul>\n<span style=\"font-size:16px;\"> <strong>\u200b<\/strong><\/span>\n\n<div><span style=\"font-size:16px;\"><strong>Please try to obtain the highest score you can.<\/strong><\/span><\/div>\n\n<div><strong>&nbsp;<\/strong><\/div>\n\n<div>&nbsp;<\/div>\n\n<div>&nbsp;<\/div>","DefaultChoices":false,"DataExportTag":"ws_txt","QuestionType":"DB","Selector":"TB","Configuration":{"QuestionDescriptionOption":"UseText"},"QuestionDescription":"The first task in this study is a\nword search.\n \u00a0\n\n On the next screen you will see an\n 11x14 gri...","ChoiceOrder":[],"Validation":{"Settings":{"Type":"None"}},"GradingData":[],"Language":[],"QuestionID":"QID97"}},{"SurveyID":"SV_1AJN0KBrLPmuQu1","Element":"SQ","PrimaryAttribute":"QID24","SecondaryAttribute":"The next (and nearly last) part of the study\n collects some basic demographic information about y...","TertiaryAttribute":null,"Payload":{"QuestionText":"<p><span style=\"font-size:16px;\"><span style=\"font-family:arial,helvetica,sans-serif;\"><span style=\"line-height: 115%;\">The next (and nearly last) part of the study collects some basic demographic information about you. Please answer each of the following questions honestly. <\/span><\/span><\/span><\/p>","DefaultChoices":false,"DataExportTag":"demo_intro","QuestionID":"QID24","QuestionType":"DB","Selector":"TB","Configuration":{"QuestionDescriptionOption":"UseText"},"QuestionDescription":"The next (and nearly last) part of the study\n collects some basic demographic information about y...","ChoiceOrder":[],"Validation":{"Settings":{"Type":"None"}},"GradingData":[],"Language":[]}},{"SurveyID":"SV_1AJN0KBrLPmuQu1","Element":"SQ","PrimaryAttribute":"QID73","SecondaryAttribute":"The next phase of the\nexperiment asks you questions about different scenarios.\n\u00a0Please read the q..","TertiaryAttribute":null,"Payload":{"QuestionText":"<span style=\"font-size:16px;\"><span style=\"font-family:arial,helvetica,sans-serif;\">The next phase of the experiment asks you questions about different scenarios. &nbsp;Please read the questions carefully.<\/span><\/span>","DefaultChoices":false,"DataExportTag":"pos_instr","QuestionType":"DB","Selector":"TB","Configuration":{"QuestionDescriptionOption":"UseText"},"QuestionDescription":"The next phase of the\nexperiment asks you questions about different scenarios.\n\u00a0Please read the q...","ChoiceOrder":[],"Validation":{"Settings":{"Type":"None"}},"GradingData":[],"Language":[],"QuestionID":"QID73"}},{"SurveyID":"SV_1AJN0KBrLPmuQu1","Element":"SQ","PrimaryAttribute":"QID67","SecondaryAttribute":"This is the last section of the survey. \u00a0You\u00a0will\u00a0receive\nyour payment for completing the survey.","TertiaryAttribute":null,"Payload":{"QuestionText":"<span style=\"color: rgb(51, 51, 51); font-family: sans-serif, Arial, Verdana, 'Trebuchet MS'; font-size: 13px;\">This is the last section of the survey. &nbsp;You&nbsp;<\/span><strong>will&nbsp;<\/strong><span style=\"color: rgb(51, 51, 51); font-family: sans-serif, Arial, Verdana, 'Trebuchet MS'; font-size: 13px;\">receive your payment for completing the survey no matter how you answer the questions in this section. &nbsp;So we ask that you please answer these questions as honestly as possible.<\/span>","DefaultChoices":false,"DataExportTag":"last_intro","QuestionType":"DB","Selector":"TB","Configuration":{"QuestionDescriptionOption":"UseText"},"QuestionDescription":"This is the last section of the survey. \u00a0You\u00a0will\u00a0receive\nyour payment for completing the survey...","ChoiceOrder":[],"Validation":{"Settings":{"Type":"None"}},"GradingData":[],"Language":[],"QuestionID":"QID67"}},{"SurveyID":"SV_1AJN0KBrLPmuQu1","Element":"SQ","PrimaryAttribute":"QID72","SecondaryAttribute":"This page explains more about the purpose of this study.\n \u00a0When you have finished reading it, cli..","TertiaryAttribute":null,"Payload":{"QuestionText":"<p>This page explains more about the purpose of this study. &nbsp;<strong>When you have finished reading it, click through to end the study and receive the response code to claim your payment at Mechanical Turk.<\/strong><\/p><p><strong><br><\/strong><\/p><p><strong>Thank you for taking the time to participate.<\/strong><\/p><p><strong><br><\/strong><\/p><p>The purpose of this study is to see if there is an effect of power on performance. Previous research by Burgmer &amp; Englich (2012)&nbsp;suggests that priming people to feel powerful can substantially&nbsp;improve their motor skills on tasks such as golf and darts. &nbsp;<br><br>In this study, we are attempting to see if this effect can also be observed online. &nbsp;First participants either wrote about a time of power or a neutral memory. &nbsp;Next, participants completed a mirror-tracing task to measure motor skill. &nbsp;The hypothesis is that those who wrote about the time of power will perform better on the mirror tracing task. &nbsp;<\/p><p><br><\/p><p>If you have any questions or would like to learn about the results, please feel free contact Bob Calin-Jageman: rcalinjageman@dom.edu. &nbsp;<\/p><p><br><\/p><p>If you are interested in learning more about this topic, we recommend reading the original study, which can be found through the library.<\/p><p><br><\/p><u>Burgmer, P., &amp; Englich, B. (2012). Bullseye! How power improves motor performance.&nbsp;<em>Social Psychological and Personality Science<\/em><p><br><\/p><\/u>","DefaultChoices":false,"DataExportTag":"debrief","QuestionType":"DB","Selector":"TB","Configuration":{"QuestionDescriptionOption":"UseText"},"QuestionDescription":"This page explains more about the purpose of this study.\n \u00a0When you have finished reading it, cli...","ChoiceOrder":[],"Validation":{"Settings":{"Type":"None"}},"GradingData":[],"Language":[],"QuestionID":"QID72"}},{"SurveyID":"SV_1AJN0KBrLPmuQu1","Element":"SQ","PrimaryAttribute":"QID99","SecondaryAttribute":"Timing","TertiaryAttribute":null,"Payload":{"QuestionText":"Timing","DefaultChoices":false,"DataExportTag":"ws_time","QuestionType":"Timing","Selector":"PageTimer","Configuration":{"QuestionDescriptionOption":"UseText","MaxSeconds":300,"ShowTimer":true,"Seconds":300,"MinSeconds":240},"QuestionDescription":"Timing","Choices":{"1":{"Display":"First Click"},"2":{"Display":"Last Click"},"3":{"Display":"Page Submit"},"4":{"Display":"Click Count"}},"GradingData":[],"Language":[],"QuestionID":"QID99"}},{"SurveyID":"SV_1AJN0KBrLPmuQu1","Element":"SQ","PrimaryAttribute":"QID104","SecondaryAttribute":"Very last question:\n Is there a reason we should not use your data for this\n study?","TertiaryAttribute":null,"Payload":{"QuestionText":"Very last question:<div>Is there a reason we should <b>not <\/b>use your data for this study?<\/div>","DefaultChoices":false,"DataExportTag":"reject","QuestionID":"QID104","QuestionType":"TE","Selector":"ML","Configuration":{"QuestionDescriptionOption":"UseText","InputWidth":570},"QuestionDescription":"Very last question:\n Is there a reason we should not use your data for this\n study?","Validation":{"Settings":{"ForceResponse":"OFF","ForceResponseType":"ON","Type":"None"}},"GradingData":[],"Language":[]}},{"SurveyID":"SV_1AJN0KBrLPmuQu1","Element":"SQ","PrimaryAttribute":"QID3","SecondaryAttribute":"Welcome and thank you for considering these studies!\n\n \n \u00a0\n\n \n This is a study of memory and moto..","TertiaryAttribute":null,"Payload":{"QuestionText":"<p><span style=\"font-size: 12pt; line-height: 18.3999996185303px; font-family: 'Times New Roman', serif;\">Welcome and thank you for considering these studies!<\/span><span style=\"font-size: 12pt; line-height: 18.3999996185303px; font-family: 'Times New Roman', serif;\"><\/span><\/p><p><span style=\"font-size: 12pt; line-height: 18.3999996185303px; font-family: 'Times New Roman', serif;\">&nbsp;<\/span><\/p><p><span style=\"font-size: 12pt; line-height: 24px; font-family: 'Times New Roman', serif;\">This is a study of memory and motor skill. &nbsp;If you decide to participate, you will be asked to perform both memory and motor skill tasks. &nbsp;<\/span><span style=\"font-family: 'Times New Roman', serif; font-size: 12pt; line-height: 24px;\">The entire process should take about 10 minutes.<\/span><\/p><p><span style=\"font-size: 12pt; line-height: 24px; font-family: 'Times New Roman', serif;\"><br><\/span><\/p><p><span style=\"font-size: 12pt; line-height: 24px; font-family: 'Courier New';\">o<span style=\"font-size: 7pt; line-height: normal; font-family: 'Times New Roman';\">&nbsp;&nbsp;&nbsp;<\/span><\/span><span style=\"font-size: 12pt; line-height: 24px; font-family: 'Times New Roman', serif;\">There are no foreseeable risks in partaking thing this study.&nbsp;<\/span><\/p><p><span style=\"font-size: 12pt; line-height: 24px; font-family: 'Courier New';\">o<span style=\"font-size: 7pt; line-height: normal; font-family: 'Times New Roman';\">&nbsp;&nbsp;&nbsp;<\/span><\/span><span style=\"font-size: 12pt; line-height: 24px; font-family: 'Times New Roman', serif;\">Your participation is completely voluntary and all data will be kept anonymous.<\/span><\/p><p><span style=\"font-size: 12pt; line-height: 24px; font-family: 'Courier New';\">o<span style=\"font-size: 7pt; line-height: normal; font-family: 'Times New Roman';\">&nbsp;&nbsp;&nbsp;<\/span><\/span><span style=\"font-size: 12pt; line-height: 24px; font-family: 'Times New Roman', serif;\">As a participant, you have to right to leave the study at any time for any reason. You have the right to ask for your data to be withdrawn and destroyed at any time. You will still receive your compensation.<\/span><\/p><p><span style=\"font-size: 12pt; line-height: 24px; font-family: 'Times New Roman', serif;\"><br><\/span><\/p><p><span style=\"font-family: 'Times New Roman', serif; font-size: 16px; line-height: 24px;\">Clicking below indicates that you have read and understood the purpose of the study and the risks and benefits associated with it. Clicking indicates that you are taking this study voluntarily and understand your rights as a participant.<\/span><\/p>","DataExportTag":"Consent","QuestionType":"MC","Selector":"SAVR","SubSelector":"TX","Configuration":{"QuestionDescriptionOption":"UseText"},"QuestionDescription":"Welcome and thank you for considering these studies!\n\n \n \u00a0\n\n \n This is a study of memory and moto...","Choices":{"1":{"Display":"Yes, I will participate."},"2":{"Display":"No, I will not participate."}},"ChoiceOrder":[1,2],"Validation":{"Settings":{"ForceResponse":"ON","ForceResponseType":"ON","Type":"None"}},"Language":[],"QuestionID":"QID3"}},{"SurveyID":"SV_1AJN0KBrLPmuQu1","Element":"SQ","PrimaryAttribute":"QID96","SecondaryAttribute":"What hand do you write with?","TertiaryAttribute":null,"Payload":{"QuestionText":"What hand do you write with?","DefaultChoices":false,"DataExportTag":"handed","QuestionType":"MC","Selector":"SAVR","SubSelector":"TX","Configuration":{"QuestionDescriptionOption":"UseText"},"QuestionDescription":"What hand do you write with?","Choices":{"1":{"Display":"Left hand"},"2":{"Display":"Right hand"},"3":{"Display":"Both with equal skill"}},"ChoiceOrder":["1","2","3"],"Validation":{"Settings":{"ForceResponse":"OFF","ForceResponseType":"ON","Type":"None"}},"GradingData":[],"Language":[],"QuestionID":"QID96"}},{"SurveyID":"SV_1AJN0KBrLPmuQu1","Element":"SQ","PrimaryAttribute":"QID25","SecondaryAttribute":"What is your current age?","TertiaryAttribute":null,"Payload":{"QuestionText":"What is your current age?","DefaultChoices":false,"DataExportTag":"age","QuestionID":"QID25","QuestionType":"TE","Selector":"SL","Configuration":{"QuestionDescriptionOption":"UseText"},"QuestionDescription":"What is your current age?","Validation":{"Settings":{"ForceResponse":"ON","ForceResponseType":"ON","Type":"None"}},"GradingData":[],"Language":[]}},{"SurveyID":"SV_1AJN0KBrLPmuQu1","Element":"SQ","PrimaryAttribute":"QID26","SecondaryAttribute":"What is your gender?","TertiaryAttribute":null,"Payload":{"QuestionText":"What is your gender?","DataExportTag":"gender","QuestionType":"MC","Selector":"SAVR","SubSelector":"TX","Configuration":{"QuestionDescriptionOption":"UseText"},"QuestionDescription":"What is your gender?","Choices":{"1":{"Display":"Male"},"2":{"Display":"Female"}},"ChoiceOrder":[1,2],"Validation":{"Settings":{"ForceResponse":"OFF","ForceResponseType":"ON","Type":"None"}},"Language":[],"QuestionID":"QID26"}},{"SurveyID":"SV_1AJN0KBrLPmuQu1","Element":"SQ","PrimaryAttribute":"QID27","SecondaryAttribute":"What is your race?","TertiaryAttribute":null,"Payload":{"QuestionText":"What is your race?","DefaultChoices":false,"DataExportTag":"race","QuestionID":"QID27","QuestionType":"MC","Selector":"SAVR","SubSelector":"TX","Configuration":{"QuestionDescriptionOption":"UseText"},"QuestionDescription":"What is your race?","Choices":{"1":{"Display":"American Indian or Alaska Native"},"2":{"Display":"Asian"},"3":{"Display":"Black or African American"},"4":{"Display":"Hispanic or Latino"},"5":{"Display":"Native Hawaiian or Pacific Islander"},"6":{"Display":"White"},"7":{"Display":"Other"}},"ChoiceOrder":[1,2,3,4,5,6,7],"Validation":{"Settings":{"ForceResponse":"OFF","ForceResponseType":"ON","Type":"None"}},"GradingData":[],"Language":[]}},{"SurveyID":"SV_1AJN0KBrLPmuQu1","Element":"SQ","PrimaryAttribute":"QID38","SecondaryAttribute":"Which of these best describes you?","TertiaryAttribute":null,"Payload":{"QuestionText":"Which of these best describes you?","DefaultChoices":false,"DataExportTag":"usa","QuestionType":"MC","Selector":"SAVR","SubSelector":"TX","Configuration":{"QuestionDescriptionOption":"UseText"},"QuestionDescription":"Which of these best describes you?","Choices":{"1":{"Display":"Born or raised in the U.S.A."},"2":{"Display":"Immigrated to the U.S.A."},"3":{"Display":"Not currently living in the U.S.A."}},"ChoiceOrder":["1","2","3"],"Validation":{"Settings":{"ForceResponse":"ON","ForceResponseType":"ON","Type":"None"}},"GradingData":[],"Language":[],"QuestionID":"QID38"}},{"SurveyID":"SV_1AJN0KBrLPmuQu1","Element":"SQ","PrimaryAttribute":"QID68","SecondaryAttribute":"Which of these best describes you?","TertiaryAttribute":null,"Payload":{"QuestionText":"Which of these best describes you?","DefaultChoices":false,"DataExportTag":"esl","QuestionType":"MC","Selector":"SAVR","SubSelector":"TX","Configuration":{"QuestionDescriptionOption":"UseText"},"QuestionDescription":"Which of these best describes you?","Choices":{"1":{"Display":"English is my first and primary language."},"2":{"Display":"English is not my first and primary language."}},"ChoiceOrder":[1,2],"Validation":{"Settings":{"ForceResponse":"ON","ForceResponseType":"ON","Type":"None"}},"GradingData":[],"Language":[],"QuestionID":"QID68"}},{"SurveyID":"SV_1AJN0KBrLPmuQu1","Element":"SQ","PrimaryAttribute":"QID105","SecondaryAttribute":"You will now complete 3 mirror-tracing trials--you will try to\n trace a figure with your mouse, b...","TertiaryAttribute":null,"Payload":{"QuestionText":"<div>You will now complete 3 mirror-tracing trials--you will try to trace a figure with your mouse, but mouse movements will be mirrored.<\/div><div><br><\/div><div>In each trial, you will see two rectangular panels: the \"drawing panel\" is at the bottom; this is where you will move the mouse cursor; the \"mirror panel\" is at the top, this will record your mouse movements in mirrored format as you try to trace the figure. &nbsp;<b>Be sure your browser is maximized so that you can see both panels fully. &nbsp;You may need to scroll the page a bit to be able to view both panels fully.<\/b><\/div><div><br><\/div><div>To begin a trial, move the mouse so that your cursor rests over the green circle in the drawing panel and then click the left mouse button to signal that you are ready to begin.<\/div><div><br><\/div><div>Once the trial begins, a red target circle appears in the mirror panel. &nbsp;Trace the figure working from the starting point towards the red target circle. &nbsp;The trial ends automatically when you reach the red circle. &nbsp;You can then click \"Next\" to move on to the next trial.<\/div><div><br><\/div><div><strong>When your mouse trail is red, you are within the lines and are earning points. &nbsp;When your mouse trail is blue you are outside the line and are not earning points. &nbsp;Your score is shown at the bottom of the drawing panel.<\/strong><\/div><div><br><\/div><div><strong>Your score is based on the percentage of tracing made within the lines, so simply drawing straight to the red target will not earn a high score. &nbsp;<\/strong><\/div><div><strong><br><\/strong><\/div><div><b>Please try your best to earn a good score, but don't spend more than 2 minutes on any one figure.<\/b><\/div>","DefaultChoices":false,"DataExportTag":"t_intro","QuestionType":"DB","Selector":"TB","Configuration":{"QuestionDescriptionOption":"UseText"},"QuestionDescription":"You will now complete 3 mirror-tracing trials--you will try to\n trace a figure with your mouse, b...","ChoiceOrder":[],"Validation":{"Settings":{"Type":"None"}},"GradingData":[],"Language":[],"QuestionID":"QID105"}}]}