{"SurveyEntry":{"SurveyID":"SV_didJZP14WPlvKPX","SurveyName":"Qualtrics Word Search Task - Demo","SurveyDescription":"MTurk Screen","SurveyOwnerID":"UR_55cHjOPY8o3aX9H","SurveyBrandID":"dom","DivisionID":null,"SurveyLanguage":"EN","SurveyActiveResponseSet":"RS_4GX5b0eOIGeb0mF","SurveyStatus":"Active","SurveyStartDate":"0000-00-00 00:00:00","SurveyExpirationDate":"0000-00-00 00:00:00","SurveyCreationDate":"2019-05-17 08:21:46","CreatorID":"UR_55cHjOPY8o3aX9H","LastModified":"2019-05-17 11:35:10","LastAccessed":"0000-00-00 00:00:00","LastActivated":"2019-05-17 11:35:10","Deleted":null},"SurveyElements":[{"SurveyID":"SV_didJZP14WPlvKPX","Element":"BL","PrimaryAttribute":"Survey Blocks","SecondaryAttribute":null,"TertiaryAttribute":null,"Payload":{"1":{"Type":"Trash","Description":"Trash \/ Unused Questions","ID":"BL_8wXiNJO0EqERSYZ","BlockElements":[{"Type":"Question","QuestionID":"QID43"},{"Type":"Question","QuestionID":"QID46"},{"Type":"Question","QuestionID":"QID31"},{"Type":"Question","QuestionID":"QID49"},{"Type":"Question","QuestionID":"QID50"}]},"10":{"Type":"Standard","SubType":"","Description":"Survey Ready","ID":"BL_badb4ExuQX0cnYh","BlockElements":[{"Type":"Question","QuestionID":"QID45"}]},"11":{"Type":"Standard","SubType":"","Description":"Browser_Check","ID":"BL_eW1lKIqwl5PXTKZ","BlockElements":[{"Type":"Question","QuestionID":"QID47"},{"Type":"Question","QuestionID":"QID48"}]},"12":{"Type":"Standard","SubType":"","Description":"DEMO","ID":"BL_24ufUodjhdsBgMJ","BlockElements":[{"Type":"Question","QuestionID":"QID51"}]},"13":{"Type":"Standard","SubType":"","Description":"WordSearch Instructions","ID":"BL_1AMXusLfi52Tijr","BlockElements":[{"Type":"Question","QuestionID":"QID52"}]},"14":{"Type":"Standard","SubType":"","Description":"Word Search","ID":"BL_5sWIKS8JILx2mjP","BlockElements":[{"Type":"Question","QuestionID":"QID53"},{"Type":"Question","QuestionID":"QID54"},{"Type":"Question","QuestionID":"QID55"}]},"15":{"Type":"Standard","SubType":"","Description":"Detailed_Instructions","ID":"BL_eySJ0pfsks1t0tn","BlockElements":[{"Type":"Question","QuestionID":"QID56"}]}}},{"SurveyID":"SV_didJZP14WPlvKPX","Element":"FL","PrimaryAttribute":"Survey Flow","SecondaryAttribute":null,"TertiaryAttribute":null,"Payload":{"Type":"Root","FlowID":"FL_1","Flow":[{"Type":"EmbeddedData","FlowID":"FL_7","EmbeddedData":[{"Description":"Browser_Score","Type":"Custom","Field":"Browser_Score","VariableType":"Nominal","DataVisibility":[],"Value":"0"},{"Description":"Word_Search_Score","Type":"Custom","Field":"Word_Search_Score","VariableType":"String","DataVisibility":[],"AnalyzeText":false,"Value":"0"}]},{"Type":"BlockRandomizer","FlowID":"FL_30","SubSet":2,"Flow":[{"Type":"EmbeddedData","FlowID":"FL_31","EmbeddedData":[{"Description":"Condition","Type":"Custom","Field":"Condition","VariableType":"String","DataVisibility":[],"AnalyzeText":false,"Value":"0"}]},{"Type":"EmbeddedData","FlowID":"FL_32","EmbeddedData":[{"Description":"Condition","Type":"Custom","Field":"Condition","VariableType":"String","DataVisibility":[],"AnalyzeText":false,"Value":"1"}]}]},{"Type":"Standard","ID":"BL_24ufUodjhdsBgMJ","FlowID":"FL_27"},{"Type":"Standard","ID":"BL_eW1lKIqwl5PXTKZ","FlowID":"FL_23"},{"Type":"Branch","FlowID":"FL_24","Description":"New Branch","BranchLogic":{"0":{"0":{"LogicType":"EmbeddedField","LeftOperand":"Browser_Score","Operator":"Contains","RightOperand":"0","_HiddenExpression":false,"Type":"Expression","Description":"<span class=\"ConjDesc\">If<\/span> <span class=\"QuestionDesc\"><\/span> <span class=\"LeftOpDesc\">Browser_Score<\/span> Is <span class=\"OpDesc\">Contains<\/span> <span class=\"RightOpDesc\"> 0 <\/span>"},"Type":"If"},"Type":"BooleanExpression"},"Flow":[{"Type":"EndSurvey","FlowID":"FL_25","EndingType":"Advanced","Options":{"SurveyTermination":"DisplayMessage","EOSMessageLibrary":"UR_55cHjOPY8o3aX9H","EOSMessage":"MS_08QW7Q22MRcfwW1"}}]},{"Type":"Standard","ID":"BL_badb4ExuQX0cnYh","FlowID":"FL_14"},{"Type":"Standard","ID":"BL_1AMXusLfi52Tijr","FlowID":"FL_28"},{"Type":"Standard","ID":"BL_5sWIKS8JILx2mjP","FlowID":"FL_29"},{"ID":"BL_eySJ0pfsks1t0tn","Type":"Standard","FlowID":"FL_33"}],"Properties":{"Count":33,"RemovedFieldsets":[]}}},{"SurveyID":"SV_didJZP14WPlvKPX","Element":"SO","PrimaryAttribute":"Survey Options","SecondaryAttribute":null,"TertiaryAttribute":null,"Payload":{"BackButton":"false","SaveAndContinue":"true","SurveyProtection":"PublicSurvey","BallotBoxStuffingPrevention":"false","SurveyExpiration":null,"SurveyTermination":"DefaultMessage","Header":"<script src=\"https:\/\/cdn.jsdelivr.net\/gh\/rcalinjageman\/word_search\/js\/bob.js\"><\/script>\r\n<script src=\"https:\/\/cdn.jsdelivr.net\/gh\/rcalinjageman\/word_search\/js\/utility.js\"><\/script>\r\n<script src=\"https:\/\/cdn.jsdelivr.net\/gh\/rcalinjageman\/word_search\/js\/wordsearch.js\"><\/script>\r\n<link href=\"https:\/\/cdn.jsdelivr.net\/gh\/rcalinjageman\/word_search\/css\/style.min.css\" rel=\"stylesheet\" \/>\r\n<link href=\"https:\/\/cdn.jsdelivr.net\/gh\/rcalinjageman\/word_search\/css\/wordseach.min.css\" rel=\"stylesheet\" \/>","Footer":"","ProgressBarDisplay":"VerboseText","PartialData":"+1 week","ValidationMessage":null,"PreviousButton":"  <<  ","NextButton":"  >>  ","SkinLibrary":"Qualtrics","SkinType":"MQ","Skin":"StripedGrey","NewScoring":1,"libraryId":"","nextButtonMid":"","previousButtonMid":"","headerMid":"","footerMid":"","QuestionsPerPage":"","ExternalCSS":null,"CustomStyles":{"errorStyles":{"selector":".Skin .ValidationError","styles":{"color":null,"backgroundColor":null,"borderColor":null}},"errorStylesBG":{"selector":".Skin .HeaderValidationError, .Skin .HeaderValidationError li a","styles":{"color":null,"backgroundColor":null}},"pageStyles":{"selector":"#SurveyEngineBody","styles":{"backgroundColor":null}},"textStyles":{"selector":".SkinInner","styles":{"fontFamily":null,"fontSize":null,"fontWeight":null,"fontStyle":null,"textDecoration":null,"color":null}},"questionStyles":{"selector":".Skin .QuestionText","styles":{"fontFamily":null,"fontSize":null,"fontWeight":null,"fontStyle":null,"textDecoration":null,"color":null}},"choiceStyles":{"selector":".Skin .horizontalbar th.ylabel, .Skin .Matrix table td, .Skin .Matrix table th, .Skin .Matrix table thead th, .Skin .Matrix table thead td, .Skin .PGR .DragAndDrop .Items label, .Skin .QuestionBody ul.ChoiceStructure, .Skin .PGR .DragAndDrop .Group ul, .Skin .PGR .DragAndDrop .Group h2, .Skin .PGR .DragAndDrop .Items ul, .Skin .PGR .DragAndDrop .Items h2, .Skin .DD .QuestionBody table.ChoiceStructure, .Skin .PGR .DragAndDrop .NoColumns td.groupsContainerTd div ul, .Skin .PGR .DragAndDrop .NoColumns td.groupsContainerTd div h2, .Skin .SBS thead th, .Skin .SBS td, .Skin .SBS .Answers td, .Skin .SBS .Answers th, .SBS table.ChoiceStructure, .Skin .horizontalbar thead table.LabelDescriptions tr td, .Skin .horizontalbar thead tr td.NotApplicable, .QuestionBody th, .Skin .QuestionBody .MC .MAVR label, .Skin .QuestionBody .MC .SAVR label, .Skin .SBS thead th, .Skin .SBS td, .Skin .RO .DND ul li, .Skin .reg, .SkinInner .ChoiceStructure, .Skin thead, .Skin .GAP .ChoiceStructure thead th, .Skin .GAP .ChoiceStructure .c4, .Skin .GAP .ChoiceStructure th, .Skin .GAP .ChoiceStructure .WhyText, .SkinInner .ChoiceStructure .LightBG, .Skin .QuestionOuter.Highlight .Inner .reg, .Skin .QuestionOuter.Highlight .Inner .alt, .Skin .QuestionOuter.Highlight .Inner .ReadableAlt       ","styles":{"fontFamily":null,"fontSize":null,"fontWeight":null,"fontStyle":null,"textDecoration":null,"color":null}},"headerStyles":{"selector":".Skin div#Header","styles":{"color":null}},"footerStyles":{"selector":".Skin #Footer","styles":{"color":null}},"questionSeparatorStyles":{"selector":".Skin .Separator","styles":{"backgroundColor":null,"display":"none"}},"highlightStyles":{"selector":".Skin .QuestionOuter.Highlight .Inner, .Skin .QuestionOuter.Highlight .Inner .reg, .Skin .QuestionOuter.Highlight .Inner .alt, .Skin .QuestionOuter.Highlight .Inner .ReadableAlt","styles":{"backgroundColor":null}},"highlightStylesAlt":{"selector":".Skin .QuestionOuter.Highlight .Inner .ReadableAlt, .Skin .QuestionOuter.Highlight .Inner .LightBG","styles":{"backgroundColor":null}},"textEntryStyles":{"selector":".Skin select, .Skin .InputText","styles":{"color":null}},"borderStyles":{"selector":".Skin .CS .horizontalbar table.sliderGrid tr.xlabel th, .Skin .CS .horizontalbar .ylabel, .Skin .CS .horizontalbar table.sliderGrid tr td.value, .Skin .Slider .horizontalbar table.sliderGrid tr.xlabel th, .Skin .BorderColor, .Skin .DarkBorderColor, .Skin .Slider .horizontalbar table.sliderGrid tr td.value, .Skin thead, .Skin .GAP .ChoiceStructure thead th  ","styles":{"borderColor":null}},"altRowStyles":{"selector":".Skin .ReadableAlt, .Skin .LightBG","styles":{"backgroundColor":null}},"customCSS":null},"HighlightQuestions":"off","EOSMessage":"MS_7OFsNJIX6OlxO5L","ShowExportTags":"false","CollectGeoLocation":"false","SurveyTitle":"Norming Study","SurveyMetaDescription":"Norming Study","PasswordProtection":"No","AnonymizeResponse":"No","Password":"","RefererCheck":"No","NoIndex":"Yes","RefererURL":"http:\/\/","EOSMessageLibrary":"UR_ehfQRPwcPtsOhDL","EOSRedirectURL":"https:\/\/dom.qualtrics.com\/SE\/?SID=SV_0VAvOKrniPSiw5f&MID=${e:\/\/Field\/MID}&MID2=${q:\/\/QID43\/ChoiceTextEntryValue\/7}&IMCCount=${e:\/\/Field\/IMCCount}&Browser_Score=${e:\/\/Field\/Browser_Score}","EmailThankYou":"false","ThankYouEmailMessageLibrary":null,"ThankYouEmailMessage":null,"ValidateMessage":"false","ValidationMessageLibrary":null,"InactiveSurvey":"DefaultMessage","InactiveMessageLibrary":"","InactiveMessage":"","AvailableLanguages":{"EN":[]},"ProtectSelectionIds":true,"SurveyName":"Qualtrics Word Search Task - Demo","PageTransition":"None","Autofocus":"false","Autoadvance":"false","AutoadvancePages":"false","SecureResponseFiles":"false","UseCustomSurveyLinkCompletedMessage":null,"SurveyLinkCompletedMessage":"","SurveyLinkCompletedMessageLibrary":"","ResponseSummary":"No","PartialDataCloseAfter":"LastActivity","ActiveResponseSet":null}},{"SurveyID":"SV_didJZP14WPlvKPX","Element":"SCO","PrimaryAttribute":"Scoring","SecondaryAttribute":null,"TertiaryAttribute":null,"Payload":{"ScoringCategories":[],"ScoringCategoryGroups":[],"ScoringSummaryCategory":null,"ScoringSummaryAfterQuestions":0,"ScoringSummaryAfterSurvey":0,"DefaultScoringCategory":null,"AutoScoringCategory":null}},{"SurveyID":"SV_didJZP14WPlvKPX","Element":"PROJ","PrimaryAttribute":"CORE","SecondaryAttribute":null,"TertiaryAttribute":"1.1.0","Payload":{"ProjectCategory":"CORE","SchemaVersion":"1.1.0"}},{"SurveyID":"SV_didJZP14WPlvKPX","Element":"STAT","PrimaryAttribute":"Survey Statistics","SecondaryAttribute":null,"TertiaryAttribute":null,"Payload":{"MobileCompatible":true,"ID":"Survey Statistics"}},{"SurveyID":"SV_didJZP14WPlvKPX","Element":"QC","PrimaryAttribute":"Survey Question Count","SecondaryAttribute":"56","TertiaryAttribute":null,"Payload":null},{"SurveyID":"SV_didJZP14WPlvKPX","Element":"CJ","PrimaryAttribute":"CJ_2cynSBHHprQwYnj","SecondaryAttribute":"Conjoint","TertiaryAttribute":null,"Payload":{"Type":"SelfExplicated","Description":"Conjoint","DisplayOption":"Importance","DataExportTag":"CJ1","QuestionType":"Conjoint","T_FeatureElemenation":"Is ANY FEATURE LEVEL SO UNACCEPTABLE that ALL OPTIONS CONTAINING THAT LEVEL WOULD BE REJECTED, NO MATTER HOW ATTRACTIVE THE OPTION ON ALL OTHER FEATURES? In other words, with this feature level present, the option just doesn't work for you... and would NEVER, EVER, EVER be considered. It would be better for you to go totally without this product or service than have one with this feature level.","T_MostandLeastPreferred":"Please select your most preferred and least preferred for each set shown below:","T_PreferenceMostandLeast":"Considering the concepts you've just seen, please indicate your preference for the following:","T_ImportancesConstSum":"In the previous questions, you rated the following as your most preferred. Please allocate 100 percentage points showing the relative importance of each:","T_UpgradeConstSum":"Assume you are upgrading...please allocate 100 percentage points showing the relative importance of each upgrade:","DisplayOneAtATime":false,"Features":[],"ID":"CJ_2cynSBHHprQwYnj"}},{"SurveyID":"SV_didJZP14WPlvKPX","Element":"QG","PrimaryAttribute":"QG_om0m2pBKyQLiIeA","SecondaryAttribute":"Default Quota Group","TertiaryAttribute":null,"Payload":{"ID":"QG_om0m2pBKyQLiIeA","Name":"Default Quota Group","Selected":true,"MultipleMatch":"PlaceInAll","Public":false,"Quotas":["QO_8WiTL7LdEIE6Oi0"]}},{"SurveyID":"SV_didJZP14WPlvKPX","Element":"RS","PrimaryAttribute":"RS_4GX5b0eOIGeb0mF","SecondaryAttribute":"Default Response Set","TertiaryAttribute":null,"Payload":null},{"SurveyID":"SV_didJZP14WPlvKPX","Element":"SQ","PrimaryAttribute":"QID56","SecondaryAttribute":"How would you adapt this to your own work? The best approach is to import this demo and work from...","TertiaryAttribute":null,"Payload":{"QuestionText":"<div><strong>How would you adapt this to your own work?<\/strong><\/div><div>The best approach is to import this demo and work from there, changing one thing at a time until it meets your needs.<\/div><div><br><\/div><div>** 1) The code **<\/div><div>This task depends on a set of javascript and css files, currently hosted on github.&nbsp; It would be best practice to make a fork of the current github project and point qualtrics to your fork--that way you could make changes to the code for yourself, and you could also be sure that I don't break your survey if I update\/change the existing code base.&nbsp; If you don't know what this means or how to do it, shoot me an email.&nbsp; Currently, you point to the existing code in the header field under look and feel:<\/div><div>* Go to \"Look and Feel\", click on \"Back to old editor\", then click on \"advanced\".&nbsp; You'll see a box for defining a custom header, and there you will see 5 lines that point to the current code base.&nbsp; You would adapt these to your fork on github.&nbsp; So, for example, the current set of pointers is:<\/div><div><br><\/div><div><div>&lt;script src=\"https:\/\/cdn.jsdelivr.net\/gh\/rcalinjageman\/word_search\/js\/bob.js\"&gt;&lt;\/script&gt;<\/div><div>&lt;script src=\"https:\/\/cdn.jsdelivr.net\/gh\/rcalinjageman\/word_search\/js\/utility.js\"&gt;&lt;\/script&gt;<\/div><div>&lt;script src=\"https:\/\/cdn.jsdelivr.net\/gh\/rcalinjageman\/word_search\/js\/wordsearch.js\"&gt;&lt;\/script&gt;<\/div><div>&lt;link href=\"https:\/\/cdn.jsdelivr.net\/gh\/rcalinjageman\/word_search\/css\/style.min.css\" rel=\"stylesheet\" \/&gt;<\/div><div>&lt;link href=\"https:\/\/cdn.jsdelivr.net\/gh\/rcalinjageman\/word_search\/css\/wordseach.min.css\" rel=\"stylesheet\" \/&gt;<\/div><\/div><div><br><\/div><div>You would adapt each these.&nbsp; If your github username is coolpsychologist you would replace rcalinjageman in each of the links above with coolpsychologist.<\/div><div><br><\/div><div>** 2) Scoring **<\/div><div>Under survey flow you make variables where you want to store the score for the word search task.&nbsp; In this demo, there are two embedded fields defined: Browser_Score and Word_Search_Score.&nbsp; One is used to store the results of the browser check, the other is used to store the result of the word-search task.&nbsp;&nbsp;<\/div><div><br><\/div><div>** 3) A word-search task **<\/div><div>In each item that has a word search you need specific html and specific javascript.&nbsp;<\/div><div><br><\/div><div>*** 3a) Specify the html - To specify the html, click into the item in qualtrics and switch to html view.&nbsp; Add this where you want the word-search task to appear:&nbsp;<\/div><div><br><\/div><div><div>&lt;div&gt;<\/div><div>&nbsp; &nbsp; &nbsp; &lt;center&gt;&lt;h2&gt;&lt;div id=\"score\"&gt;Highlighted 0 out of 1 words so far.&lt;\/div&gt;&lt;\/h2&gt;&lt;\/center&gt;<\/div><div>&nbsp; &nbsp; &nbsp; &lt;section id=\"ws-area\"&gt;&lt;\/section&gt;<\/div><div>&nbsp; &nbsp; &nbsp; &lt;p&gt;Words to highlight:&lt;\/p&gt;&lt;ul class=\"ws-words\"&gt;&lt;\/ul&gt;<\/div><div>&lt;\/div&gt;<\/div><\/div><div><br><\/div><div>you can edit the text as you like but make sure the id \"score\", the id \"ws-area\", and the class \"ws-words\" exist.<\/div><div><br><\/div><div>*** 3b) Specify the javascript<\/div><div>In the qualtrics item with the wordsearch, you need to specify (and then probably customize) a javascript to call the word search routine and store the scores back to your survey.&nbsp; Taking a look at this code and the code from the main wordsearch.js file will hopefully make this sensible.&nbsp; Email if you have questions.&nbsp; Here's the item-side javascript for a standard word-search:&nbsp;<\/div><div><br><\/div><div><br><\/div><div>\/*Need to add this global variable*\/<\/div><div><div>var qthis;<\/div><div><br><\/div><div>Qualtrics.SurveyEngine.addOnload(function()<\/div><div>{<\/div><div><span style=\"white-space:pre\">\t<\/span>\/*Place Your Javascript Below This Line*\/<\/div><div><span style=\"white-space:pre\">\t<\/span><\/div><div><span style=\"white-space:pre\">\t<\/span>\/\/Possible_Condition<\/div><div><span style=\"white-space:pre\">\t<\/span><\/div><div><span style=\"white-space:pre\">\t<\/span>var gameAreaEl = document.getElementById('ws-area');<\/div><div><br><\/div><div><span style=\"white-space: pre;\">\t<\/span>\/*Here we set legal word directions, gridsize, the words to use, and some inputs to the word search*\/<\/div><div>&nbsp; &nbsp; &nbsp;var thesesettings = {<\/div><div>&nbsp; &nbsp; &nbsp; 'directions': ['W', 'N', 'WN', 'EN'],<\/div><div>&nbsp; &nbsp; &nbsp; 'gridSize': 14,<\/div><div>&nbsp; &nbsp; &nbsp; 'words': [<\/div><div><span style=\"white-space:pre\">\t<\/span>&nbsp; &nbsp; &nbsp;'board',<\/div><div><span style=\"white-space:pre\">\t\t<\/span>'authority',<\/div><div><span style=\"white-space:pre\">\t\t<\/span>'executive',<\/div><div><span style=\"white-space:pre\">\t\t<\/span>'coffee',<\/div><div><span style=\"white-space:pre\">\t\t<\/span>'clock',<\/div><div><span style=\"white-space:pre\">\t\t<\/span>'boss',<\/div><div><span style=\"white-space:pre\">\t\t<\/span>'influence',<\/div><div><span style=\"white-space:pre\">\t\t<\/span>'house',<\/div><div><span style=\"white-space:pre\">\t\t<\/span>'rich',<\/div><div><span style=\"white-space:pre\">\t\t<\/span>'control'<\/div><div><span style=\"white-space:pre\">\t<\/span>&nbsp; ],<\/div><div>&nbsp; &nbsp; &nbsp; 'debug': false,<\/div><div><span style=\"white-space:pre\">\t<\/span>&nbsp; 'condition' : 5,<\/div><div><span style=\"white-space:pre\">\t<\/span>&nbsp; 'same' : true,<\/div><div><span style=\"white-space:pre\">\t<\/span>&nbsp; 'test' : false<\/div><div>&nbsp; &nbsp; }<\/div><div><span style=\"white-space:pre\">\t<\/span><\/div><div><span style=\"white-space:pre\">\t<\/span><\/div><div>&nbsp; &nbsp; &nbsp; var listlength = thesesettings.words.length;<\/div><div><span style=\"white-space:pre\">\t<\/span><\/div><div><span style=\"white-space:pre\">\t<\/span>&nbsp;<\/div><div><span style=\"white-space:pre\">\t<\/span>&nbsp;&nbsp;<\/div><div>&nbsp; &nbsp; &nbsp; var gameobj = gameAreaEl.wordSeach(thesesettings);<\/div><div><br><\/div><div><span style=\"white-space:pre\">\t<\/span><\/div><div>&nbsp; &nbsp; &nbsp; \/\/ Put words into `.ws-words`--for some reason I needed to add this routine to manually load the words into the word list<\/div><div>&nbsp; &nbsp; &nbsp; var wordsnow = thesesettings.words,<\/div><div>&nbsp; &nbsp; &nbsp; wordsWrap = document.querySelector('.ws-words');<\/div><div><span style=\"white-space:pre\">\t<\/span>&nbsp; var count=0;<\/div><div>&nbsp; &nbsp; &nbsp; for (i in wordsnow) {<\/div><div><span style=\"white-space:pre\">\t\t<\/span>&nbsp; if (count &lt; listlength) {<\/div><div>&nbsp; &nbsp; &nbsp; &nbsp; var liEl = document.createElement('li');<\/div><div><span style=\"white-space:pre\">\t<\/span>&nbsp; &nbsp; liEl.setAttribute('id', wordsnow[i]);<\/div><div>&nbsp; &nbsp; &nbsp; &nbsp; liEl.setAttribute('class', 'ws-word');<\/div><div><span style=\"white-space:pre\">\t<\/span>&nbsp; &nbsp; liEl.setAttribute(\"text-decoration\", \"none\");<\/div><div>&nbsp; &nbsp; &nbsp; &nbsp; liEl.innerHTML = wordsnow[i];<\/div><div>&nbsp; &nbsp; &nbsp; &nbsp; wordsWrap.appendChild(liEl);<\/div><div><span style=\"white-space:pre\">\t\t<\/span>&nbsp; }<\/div><div><span style=\"white-space:pre\">\t\t<\/span>&nbsp; count = count + 1;<\/div><div>&nbsp; &nbsp; &nbsp; }<\/div><div><span style=\"white-space:pre\">\t<\/span> qthis = this;<\/div><div>&nbsp; &nbsp; <span style=\"white-space:pre\">\t\t\t\t\t<\/span><\/div><div><span style=\"white-space: pre;\">\t<\/span>\/*This creats a timer function that will run ever 1\/2 second and store the current score*\/<\/div><div><span style=\"white-space:pre\">\t<\/span> var myVar = setInterval(function(){tfunction()}, 500);&nbsp;<\/div><div><span style=\"white-space:pre\">\t\t\t\t\t\t<\/span><\/div><div><span style=\"white-space:pre\">\t<\/span>\/\/var UpdateScore = setInterval (function {tfunction()), 1000);&nbsp; &nbsp; \/\/save counter back to qualtrics<\/div><div><br><\/div><div>});<\/div><div><span style=\"white-space:pre\">\t<\/span><\/div><div><br><\/div><div><span style=\"white-space:pre\">\t<\/span>function tfunction() {<\/div><div>&nbsp; &nbsp; &nbsp; &nbsp; &nbsp; &nbsp; &nbsp; &nbsp; &nbsp;<span style=\"white-space: pre;\">\t<\/span>\/*This function finds the current score and auto-advances if max score is reach (hard coded to 10 but you can change this *\/<\/div><div><span style=\"white-space:pre\">\t\t<\/span>Qualtrics.SurveyEngine.setEmbeddedData('Word_Search_Score', document.getElementById(\"score\").innerHTML.replace(\"Found \", \"\").replace(\" out of 1 words so far.\", \"\"));<\/div><div><br><\/div><div><span style=\"white-space:pre\">\t\t<\/span>var cscore = document.getElementById(\"score\").innerHTML;<\/div><div><br><\/div><div><span style=\"white-space:pre\">\t\t<\/span>if (cscore.indexOf(\"Found 10\") &gt; -1) {<\/div><div><span style=\"white-space:pre\">\t<\/span><\/div><div><span style=\"white-space:pre\">\t\t\t<\/span> qthis.clickNextButton();<\/div><div><span style=\"white-space:pre\">\t\t<\/span>}<\/div><div>&nbsp; &nbsp; &nbsp;<span style=\"white-space:pre\">\t\t<\/span><\/div><div><span style=\"white-space:pre\">\t<\/span>}<\/div><\/div><div><br><\/div>","DefaultChoices":false,"DataExportTag":"Q14","QuestionType":"DB","Selector":"TB","Configuration":{"QuestionDescriptionOption":"UseText"},"QuestionDescription":"How would you adapt this to your own work? The best approach is to import this demo and work from...","ChoiceOrder":[],"Validation":{"Settings":{"Type":"None"}},"GradingData":[],"Language":[],"NextChoiceId":4,"NextAnswerId":1,"QuestionID":"QID56"}},{"SurveyID":"SV_didJZP14WPlvKPX","Element":"SQ","PrimaryAttribute":"QID45","SecondaryAttribute":"Looks like your browser is working... [[Normally I then send participants from the pre-screening...","TertiaryAttribute":null,"Payload":{"QuestionText":"Looks like your browser is working...<div><br><div><br><\/div><div>[[Normally I then send participants from the pre-screening study on to a new survey link]]<\/div><\/div>","DefaultChoices":false,"DataExportTag":"BrowserWorking","QuestionType":"DB","Selector":"TB","Configuration":{"QuestionDescriptionOption":"UseText"},"QuestionDescription":"Looks like your browser is working... [[Normally I then send participants from the pre-screening...","ChoiceOrder":[],"Validation":{"Settings":{"Type":"None"}},"GradingData":[],"Language":[],"QuestionID":"QID45","DataVisibility":{"Private":false,"Hidden":false},"NextChoiceId":1,"NextAnswerId":1}},{"SurveyID":"SV_didJZP14WPlvKPX","Element":"QO","PrimaryAttribute":"QO_8WiTL7LdEIE6Oi0","SecondaryAttribute":"New Quota","TertiaryAttribute":null,"Payload":{"Name":"New Quota","Occurrences":70,"Count":0,"Logic":{"0":{"0":{"LogicType":"Question","QuestionID":"QID26","QuestionIsInLoop":"no","ChoiceLocator":"q:\/\/QID26\/SelectableChoice\/1","Operator":"Selected","QuestionIDFromLocator":"QID26","LeftOperand":"q:\/\/QID26\/SelectableChoice\/1","Type":"Expression","Description":"<span class=\"ConjDesc\">If<\/span> <span class=\"QuestionDesc\">This study is being conducted by Eileen Moery and Dr. Robert\n Calin-Jageman. If you have any questions or concerns, you can\n contact the Instiutional Review Board at \n irbadministrator@dom.eduor\n D...<\/span> <span class=\"LeftOpDesc\">Yes, I will participate in this study.<\/span> Is <span class=\"OpDesc\">Selected<\/span> "},"Type":"If"},"Type":"BooleanExpression"},"LogicType":"Simple","QuotaAction":"EndCurrentSurvey","ActionInfo":{"0":{"0":{"ActionType":"EndCurrentSurvey","Type":"Expression","LogicType":"QuotaAction"},"Type":"If"},"Type":"BooleanExpression"},"ID":"QO_8WiTL7LdEIE6Oi0","QuotaRealm":"Survey","QuotaSchedule":null}},{"SurveyID":"SV_didJZP14WPlvKPX","Element":"SQ","PrimaryAttribute":"QID53","SecondaryAttribute":"Please find as many of the listed words as possible in the grid. \u00a0Words can be hidden in the grid..","TertiaryAttribute":null,"Payload":{"QuestionText":"<div><span style=\"font-size:16px;\">Please find as many of the listed words as possible in the grid. &nbsp;Words can be hidden in the grid horizontally, vertically or diagonally. &nbsp;They can be placed forwards or backwards<strong>.&nbsp;<\/strong>When you correctly mark a word it will turn red. &nbsp;You have up to 5 minutes. &nbsp;If you find all 10 words, you will automatically advance to the next part of the study. &nbsp;<b>Please try to reach the maximum score possible.<\/b><\/span><\/div>\n\n<div>&nbsp;<\/div>\n\n<center>\n<h2>&nbsp;<\/h2>\n\n<div id=\"score\">Found 0 out of 10 words so far.<\/div>\n<\/center>\n\n<section id=\"ws-area\">&nbsp;<\/section>\n\n<ul class=\"ws-words\">\n<\/ul>","QuestionJS":"var qthis;\n\nQualtrics.SurveyEngine.addOnload(function()\n{\n\t\/*Place Your Javascript Below This Line*\/\n\t\n\t\/\/Possible_Condition\n\t\n\tvar gameAreaEl = document.getElementById('ws-area');\n\n     var thesesettings = {\n      'directions': ['W', 'N', 'WN', 'EN'],\n      'gridSize': 14,\n      'words': [\n\t     'board',\n\t\t'coffee',\n\t\t'clock',\n\t\t'house',\n\t\t'chalk',\n\t\t'building',\n\t\t'telephone',\n\t\t'magazine',\n\t\t'lamp',\n\t\t'water'\n\t  ],\n      'debug': false,\n\t  'condition' : 4,\n\t  'same' : true,\n\t  'test' : false\n    }\n\t\n\t\n      var listlength = thesesettings.words.length;\n\t\n\t \n\t  \n      var gameobj = gameAreaEl.wordSeach(thesesettings);\n\n\t\n      \/\/ Put words into `.ws-words`\n      var wordsnow = thesesettings.words,\n      wordsWrap = document.querySelector('.ws-words');\n\t  var count=0;\n      for (i in wordsnow) {\n\t\t  if (count < listlength) {\n        var liEl = document.createElement('li');\n\t    liEl.setAttribute('id', wordsnow[i]);\n        liEl.setAttribute('class', 'ws-word');\n\t    liEl.setAttribute(\"text-decoration\", \"none\");\n        liEl.innerHTML = wordsnow[i];\n        wordsWrap.appendChild(liEl);\n\t\t  }\n\t\t  count = count + 1;\n      }\n\t\n     qthis = this;    \t\t\t\t\t\n\t var myVar = setInterval(function(){tfunction()}, 500); \n\t\t\t\t\t\t\n\t\/\/var UpdateScore = setInterval (function {tfunction()), 1000);    \/\/save counter back to qualtrics\n\n});\n\t\n\n\tfunction tfunction() {\n\t\tQualtrics.SurveyEngine.setEmbeddedData('Word_Search_Score', document.getElementById(\"score\").innerHTML.replace(\"Found \", \"\").replace(\" out of 1 words so far.\", \"\"));\n        \n\t\tvar cscore = document.getElementById(\"score\").innerHTML;\n\n\t\tif (cscore.indexOf(\"Found 10\") > -1) {\n\t\t\t  \n\t\t\t  qthis.clickNextButton();\n\t\t}\n     \t\t\n\t}","DefaultChoices":false,"DataExportTag":"ws_control","QuestionType":"DB","Selector":"TB","DataVisibility":{"Private":false,"Hidden":false},"Configuration":{"QuestionDescriptionOption":"UseText"},"QuestionDescription":"Please find as many of the listed words as possible in the grid. \u00a0Words can be hidden in the grid...","ChoiceOrder":[],"Validation":{"Settings":{"Type":"None"}},"GradingData":[],"Language":[],"NextChoiceId":1,"NextAnswerId":1,"QuestionID":"QID53","DisplayLogic":{"0":{"0":{"LogicType":"EmbeddedField","LeftOperand":"Condition","Operator":"EqualTo","RightOperand":"0","Type":"Expression","Description":"<span class=\"ConjDesc\">If<\/span>  <span class=\"LeftOpDesc\">Condition<\/span> <span class=\"OpDesc\">Is Equal to<\/span> <span class=\"RightOpDesc\"> 0 <\/span>"},"Type":"If"},"Type":"BooleanExpression","inPage":false}}},{"SurveyID":"SV_didJZP14WPlvKPX","Element":"SQ","PrimaryAttribute":"QID54","SecondaryAttribute":"Please find as many of the listed words as possible in the grid. \u00a0Words can be hidden in the grid..","TertiaryAttribute":null,"Payload":{"QuestionText":"<div><span style=\"font-size:16px;\">Please find as many of the listed words as possible in the grid. &nbsp;Words can be hidden in the grid horizontally, vertically or diagonally. &nbsp;They can be placed forwards or backwards<strong>.&nbsp;<\/strong>When you correctly mark a word it will turn red. &nbsp;You have up to 5 minutes. &nbsp;If you find all 10 words, you will automatically advance to the next part of the study. &nbsp;<b>Please try to reach the maximum score possible.<\/b><\/span><\/div>\n\n<div>&nbsp;<\/div>\n\n<center>\n<h2>&nbsp;<\/h2>\n\n<div id=\"score\">Found 0 out of 10 words so far.<\/div>\n<\/center>\n\n<section id=\"ws-area\">&nbsp;<\/section>\n\n<ul class=\"ws-words\">\n<\/ul>","QuestionJS":"var qthis;\n\nQualtrics.SurveyEngine.addOnload(function()\n{\n\t\/*Place Your Javascript Below This Line*\/\n\t\n\t\/\/Possible_Condition\n\t\n\tvar gameAreaEl = document.getElementById('ws-area');\n\n     var thesesettings = {\n      'directions': ['W', 'N', 'WN', 'EN'],\n      'gridSize': 14,\n      'words': [\n\t     'board',\n\t\t'authority',\n\t\t'executive',\n\t\t'coffee',\n\t\t'clock',\n\t\t'boss',\n\t\t'influence',\n\t\t'house',\n\t\t'rich',\n\t\t'control'\n\t  ],\n      'debug': false,\n\t  'condition' : 5,\n\t  'same' : true,\n\t  'test' : false\n    }\n\t\n\t\n      var listlength = thesesettings.words.length;\n\t\n\t \n\t  \n      var gameobj = gameAreaEl.wordSeach(thesesettings);\n\n\t\n      \/\/ Put words into `.ws-words`\n      var wordsnow = thesesettings.words,\n      wordsWrap = document.querySelector('.ws-words');\n\t  var count=0;\n      for (i in wordsnow) {\n\t\t  if (count < listlength) {\n        var liEl = document.createElement('li');\n\t    liEl.setAttribute('id', wordsnow[i]);\n        liEl.setAttribute('class', 'ws-word');\n\t    liEl.setAttribute(\"text-decoration\", \"none\");\n        liEl.innerHTML = wordsnow[i];\n        wordsWrap.appendChild(liEl);\n\t\t  }\n\t\t  count = count + 1;\n      }\n\t qthis = this;\n    \t\t\t\t\t\n\t var myVar = setInterval(function(){tfunction()}, 500); \n\t\t\t\t\t\t\n\t\/\/var UpdateScore = setInterval (function {tfunction()), 1000);    \/\/save counter back to qualtrics\n\n});\n\t\n\n\tfunction tfunction() {\n\t\tQualtrics.SurveyEngine.setEmbeddedData('Word_Search_Score', document.getElementById(\"score\").innerHTML.replace(\"Found \", \"\").replace(\" out of 1 words so far.\", \"\"));\n\n\t\tvar cscore = document.getElementById(\"score\").innerHTML;\n\n\t\tif (cscore.indexOf(\"Found 10\") > -1) {\n\t\n\t\t\t qthis.clickNextButton();\n\t\t}\n     \t\t\n\t}","DefaultChoices":false,"DataExportTag":"wspower","QuestionType":"DB","Selector":"TB","DataVisibility":{"Private":false,"Hidden":false},"Configuration":{"QuestionDescriptionOption":"UseText"},"QuestionDescription":"Please find as many of the listed words as possible in the grid. \u00a0Words can be hidden in the grid...","ChoiceOrder":[],"Validation":{"Settings":{"Type":"None"}},"GradingData":[],"Language":[],"NextChoiceId":1,"NextAnswerId":1,"QuestionID":"QID54","DisplayLogic":{"0":{"0":{"LogicType":"EmbeddedField","LeftOperand":"Condition","Operator":"EqualTo","RightOperand":"1","Type":"Expression","Description":"<span class=\"ConjDesc\">If<\/span>  <span class=\"LeftOpDesc\">Condition<\/span> <span class=\"OpDesc\">Is Equal to<\/span> <span class=\"RightOpDesc\"> 1 <\/span>"},"Type":"If"},"Type":"BooleanExpression","inPage":false}}},{"SurveyID":"SV_didJZP14WPlvKPX","Element":"SQ","PrimaryAttribute":"QID43","SecondaryAttribute":"Pre-screening--start here to see if you qualify to complete\n these surveys.\n\n For these surveys we'r","TertiaryAttribute":null,"Payload":{"QuestionText":"<div><b>Pre-screening--start here to see if you qualify to complete these surveys.<\/b><\/div><div><br><\/div>For these surveys we're trying to recruit as many different types of participants as possible. &nbsp;So first we'd like to get to know a bit about you. &nbsp;The first thing &nbsp;we'd like to know is if you are reading the questions carefully. &nbsp;So please do not enter your race\/ethnicity below. &nbsp;Instead, choose \"other\" and enter your Mechanical Turk ID.","DefaultChoices":false,"DataExportTag":"IMC","QuestionType":"MC","Selector":"SAVR","SubSelector":"TX","Configuration":{"QuestionDescriptionOption":"UseText"},"QuestionDescription":"Pre-screening--start here to see if you qualify to complete\n these surveys.\n\n For these surveys we're trying to recruit as many different types\nof participants as possible. \u00a0So first we'd like to g...","Choices":{"1":{"Display":"American Indian or Alaska Native"},"2":{"Display":"Asian"},"3":{"Display":"Black or African American"},"4":{"Display":"Hispanic or Latino"},"5":{"Display":"Native Hawaiian or Pacific Islander"},"6":{"Display":"White"},"7":{"Display":"Other","TextEntry":"true","InputWidth":330}},"ChoiceOrder":[1,2,3,4,5,6,7],"Validation":{"Settings":{"ForceResponse":"ON","ForceResponseType":"ON","Type":"CustomValidation","CustomValidation":{"Logic":{"0":{"0":{"QuestionID":"QID43","QuestionIsInLoop":"no","ChoiceLocator":"q:\/\/QID43\/ChoiceTextEntryValue\/7","Operator":"NotEmpty","QuestionIDFromLocator":"QID43","LeftOperand":"q:\/\/QID43\/ChoiceTextEntryValue\/7","Type":"Expression","LogicType":"Question","Description":"<span class=\"ConjDesc\">If<\/span> <span class=\"QuestionDesc\">For this survey we're trying to recruit as many different types of participants as possible. &amp;nbsp;So first we'd like to get to know a bit about you. &amp;nbsp;The first thing &amp;nbsp;we'd like to know i...<\/span> <span class=\"LeftOpDesc\">Other<\/span> Is <span class=\"OpDesc\">Not Empty<\/span> "},"Type":"If"},"Type":"BooleanExpression"},"Message":{"messageID":"MS_24uaR1447jsEtN3","subMessageID":"VE_FORCE_RESPONSE","libraryID":"UR_55cHjOPY8o3aX9H","description":"Require response"}}}},"GradingData":[],"Language":[],"QuestionID":"QID43","QuestionJS":"Qualtrics.SurveyEngine.addOnload(function()\n{\n\t\/*Place Your Javascript Below This Line*\/\n\t\n\tvar IMCCountJ = ${e:\/\/Field\/IMCCount};\n\tQualtrics.SurveyEngine.setEmbeddedData('IMCCount', IMCCountJ + 1);\n\n});"}},{"SurveyID":"SV_didJZP14WPlvKPX","Element":"SQ","PrimaryAttribute":"QID49","SecondaryAttribute":"Some of the tests in this study require a modern browser with\nsupport for JavaScript and HTML. \u00a0Thi","TertiaryAttribute":null,"Payload":{"QuestionText":"Some of the tests in this study require a modern browser with support for JavaScript and HTML. &nbsp;<b>This page is to test if your browser is compatible.<\/b> &nbsp;<div><br><\/div><div>Below, you should see the word \"BROWSER\" printed within a grid of characters. &nbsp;Please use your mouse to highlight this word (click over the B then drag to the R, then release the mouse button). &nbsp;The word should then turn red. &nbsp; Please complete this task within 30 seconds.<\/div><div><br><\/div><div>If you do not see the word \"BROWSER\" or you cannot highlight it, then your browser is not compatible and you will need to try accepting this hit from an updated Browser (try the latest release of Chrome or Firefox; the most recent version of Internet Explorer also works). &nbsp;<\/div>\n\n<div>\n      <center><h2><div id=\"score\">Highlighted 0 out of 1 words so far.<\/div><\/h2><\/center>\n      <section id=\"ws-area\"><\/section>\n      <p>Words to highlight:<\/p><ul class=\"ws-words\"><\/ul>\n<\/div>","QuestionJS":"Qualtrics.SurveyEngine.addOnload(function()\n{\n\t\/*Place Your Javascript Below This Line*\/\n\t\n\tvar gameAreaEl = document.getElementById('ws-area');\n\n      var thesesettings = {\n\t      'directions': ['W', 'N', 'WN', 'EN'],\n      \t   'gridSize': 18,\n      'words': [\n\t     'Browser',\n\t      ],\n\t      'debug': false,\n\t\t  'same' : true,\n\t\t  'condition' : true,\n\t\t  'test' : true\n      }\n\t\n      var listlength = thesesettings.words.length;\n\t\n\n      var gameobj = gameAreaEl.wordSeach(thesesettings);\n\n\t\n      \/\/ Put words into `.ws-words`\n      var wordsnow = thesesettings.words,\n      wordsWrap = document.querySelector('.ws-words');\n\t  var count=0;\n      for (i in wordsnow) {\n\t\t  if (count < listlength) {\n        var liEl = document.createElement('li');\n\t\tliEl.id = wordsnow[i];\n        liEl.setAttribute('class', 'ws-word');\n\t\tliEl.setAttribute(\"text-decoration\", \"none\");\n        liEl.innerHTML = wordsnow[i];\n        wordsWrap.appendChild(liEl);\n\t\t  }\n\t\t  count = count + 1;\n      }\n\t\t\t\t\t\t\n\t var myVar = setInterval(function(){tfunction()}, 500); \n\n});\n\n\tfunction tfunction() {\n\t\tQualtrics.SurveyEngine.setEmbeddedData('Browser_Score', document.getElementById(\"score\").innerHTML.replace(\"Found \", \"\").replace(\" out of 1 words so far.\", \"\"));\n\t\t\n\t}","DefaultChoices":false,"QuestionType":"DB","Selector":"TB","Configuration":{"QuestionDescriptionOption":"UseText"},"QuestionDescription":"Some of the tests in this study require a modern browser with\nsupport for JavaScript and HTML. \u00a0This page is to test if your browser is compatible. \u00a0\n \n Below, you should see the word \"BROWSER\" pri...","ChoiceOrder":[],"Validation":{"Settings":{"Type":"None"}},"GradingData":[],"Language":[],"QuestionText_Unsafe":"Some of the tests in this study require a modern browser with support for JavaScript and HTML. &nbsp;<b>This page is to test if your browser is compatible.<\/b> &nbsp;<div><br><\/div><div>Below, you should see the word \"BROWSER\" printed within a grid of characters. &nbsp;Please use your mouse to highlight this word (click over the B then drag to the R, then release the mouse button). &nbsp;The word should then turn red. &nbsp; Please complete this task within 30 seconds.<\/div><div><br><\/div><div>If you do not see the word \"BROWSER\" or you cannot highlight it, then your browser is not compatible and you will need to try accepting this hit from an updated Browser (try the latest release of Chrome or Firefox; the most recent version of Internet Explorer also works). &nbsp;<\/div>\n\n<div>\n      <center><h2><div id=\"score\">Highlighted 0 out of 1 words so far.<\/div><\/h2><\/center>\n      <section id=\"ws-area\"><\/section>\n      <p>Words to highlight:<\/p><ul class=\"ws-words\"><\/ul>\n<\/div>","DataExportTag":"Q49","QuestionID":"QID49"}},{"SurveyID":"SV_didJZP14WPlvKPX","Element":"SQ","PrimaryAttribute":"QID47","SecondaryAttribute":"Some of the tests in this study require a modern browser with support for JavaScript and HTML. \u00a0T..","TertiaryAttribute":null,"Payload":{"QuestionText":"<div>Some of the tests in this study require a modern browser with support for JavaScript and HTML. &nbsp;<b>This page is to test if your browser is compatible.<\/b>&nbsp;&nbsp;<\/div><div>Below, you should see the word \"BROWSER\" printed within a grid of characters. &nbsp;Please use your mouse to highlight this word (click over the B then drag to the R, then release the mouse button). &nbsp;The word should then turn red. &nbsp; Please complete this task within 30 seconds.<\/div><div><br><\/div><div>If you do not see the word \"BROWSER\" or you cannot highlight it, then your browser is not compatible and you will need to try accepting this hit from an updated Browser (try the latest release of Chrome or Firefox; the most recent version of Internet Explorer also works). &nbsp;<\/div>\n\n<div>\n      <center><h2><div id=\"score\">Highlighted 0 out of 1 words so far.<\/div><\/h2><\/center>\n      <section id=\"ws-area\"><\/section>\n      <p>Words to highlight:<\/p><ul class=\"ws-words\"><\/ul>\n<\/div>","QuestionJS":"Qualtrics.SurveyEngine.addOnload(function()\n{\n\t\/*Place Your Javascript Below This Line*\/\n\t\n\tvar gameAreaEl = document.getElementById('ws-area');\n\n      var thesesettings = {\n\t      'directions': ['W', 'N', 'WN', 'EN'],\n      \t   'gridSize': 18,\n      'words': [\n\t     'Browser',\n\t      ],\n\t      'debug': false,\n\t\t  'same' : true,\n\t\t  'condition' : true,\n\t\t  'test' : true\n      }\n\t\n      var listlength = thesesettings.words.length;\n\t\n\n      var gameobj = gameAreaEl.wordSeach(thesesettings);\n\n\t\n      \/\/ Put words into `.ws-words`\n      var wordsnow = thesesettings.words,\n      wordsWrap = document.querySelector('.ws-words');\n\t  var count=0;\n      for (i in wordsnow) {\n\t\t  if (count < listlength) {\n        var liEl = document.createElement('li');\n\t\tliEl.id = wordsnow[i];\n        liEl.setAttribute('class', 'ws-word');\n\t\tliEl.setAttribute(\"text-decoration\", \"none\");\n        liEl.innerHTML = wordsnow[i];\n        wordsWrap.appendChild(liEl);\n\t\t  }\n\t\t  count = count + 1;\n      }\n\t\t\t\t\t\t\n\t var myVar = setInterval(function(){tfunction()}, 500); \n\n});\n\n\tfunction tfunction() {\n\t\tQualtrics.SurveyEngine.setEmbeddedData('Browser_Score', document.getElementById(\"score\").innerHTML.replace(\"Found \", \"\").replace(\" out of 1 words so far.\", \"\"));\n\t\t\n\t}","DefaultChoices":false,"DataExportTag":"screen_search","QuestionType":"DB","Selector":"TB","Configuration":{"QuestionDescriptionOption":"UseText"},"QuestionDescription":"Some of the tests in this study require a modern browser with support for JavaScript and HTML. \u00a0T...","ChoiceOrder":[],"Validation":{"Settings":{"Type":"None"}},"GradingData":[],"Language":[],"QuestionID":"QID47","DataVisibility":{"Private":false,"Hidden":false},"NextChoiceId":1,"NextAnswerId":1}},{"SurveyID":"SV_didJZP14WPlvKPX","Element":"SQ","PrimaryAttribute":"QID52","SecondaryAttribute":"The first task in this study is a word search. \u00a0 On the next screen you will see an 11x14 grid of..","TertiaryAttribute":null,"Payload":{"QuestionText":"<span style=\"font-size:16px;\">The first task in this study is a word search.<\/span>\n<div>&nbsp;<\/div>\n\n<div><span style=\"font-size:16px;\">On the next screen you will see an 11x14 grid of letters. &nbsp;Next to the grid will be a list of 10 words. &nbsp;Your task is to find as many of the words listed on the grid as possible. &nbsp;<\/span><\/div>\n\n<div>&nbsp;<\/div>\n\n<ul>\n\t<li><span style=\"font-size:16px;\">Words can be hidden in the grid horizontally, vertically or diagonally. &nbsp;They can be placed forwards or backwards.<\/span><\/li>\n\t<li><span style=\"font-size:16px;\">To &#39;find&#39; a word, click your mouse down over the start of the word and drag to the end.<\/span><\/li>\n\t<li><span style=\"font-size:16px;\">You get 1 point for each word found. &nbsp;The order you find the words does not matter. &nbsp;<\/span><\/li>\n\t<li><span style=\"font-size:16px;\">You have up to 5 minutes to complete this task, after that you will be automatically moved to the next part of the study. &nbsp;&nbsp;<\/span><\/li>\n<\/ul>\n<span style=\"font-size:16px;\"> <strong>\u200b<\/strong><\/span>\n\n<div><span style=\"font-size:16px;\"><strong>Please try to obtain the highest score you can.<\/strong><\/span><\/div>\n\n<div><strong>&nbsp;<\/strong><\/div>\n\n<div>&nbsp;<\/div>\n\n<div>&nbsp;<\/div>","DefaultChoices":false,"DataExportTag":"wsinstructions","QuestionType":"DB","Selector":"TB","DataVisibility":{"Private":false,"Hidden":false},"Configuration":{"QuestionDescriptionOption":"UseText"},"QuestionDescription":"The first task in this study is a word search. \u00a0 On the next screen you will see an 11x14 grid of...","ChoiceOrder":[],"Validation":{"Settings":{"Type":"None"}},"GradingData":[],"Language":[],"NextChoiceId":1,"NextAnswerId":1,"QuestionID":"QID52"}},{"SurveyID":"SV_didJZP14WPlvKPX","Element":"SQ","PrimaryAttribute":"QID51","SecondaryAttribute":"This is a demo of the word-search task created by Bob Calin-Jageman.\u00a0\u00a0 The demo shows a) how to c.","TertiaryAttribute":null,"Payload":{"QuestionText":"<div><br><\/div><div>This is a demo of the word-search task created by Bob Calin-Jageman.&nbsp;&nbsp;<\/div><div>The demo shows a) how to conduct a pre-screen to make sure that participant's browsers are working with the tast, and then b) how to have embedded word-searches that vary by condition.<\/div><div><br><\/div><div>If you adopt this task, please cite:<\/div><div>Cusack, M., Vezenkova, N., Gottschalk, C., &amp; Calin-Jageman, R. J. (2015). Direct and Conceptual Replications of Burgmer &amp; Englich (2012): Power May Have Little to No Effect on Motor Performance. PLOS ONE, 10(11), e0140806. https:\/\/doi.org\/10.1371\/journal.pone.0140806<\/div><div><br><\/div><div>The code for this task is on Github, and the demo is pulling the code directly from the most current release there:<\/div><div>&nbsp;&nbsp;https:\/\/github.com\/rcalinjageman\/word_search<\/div><div><br><\/div><div>Instructions for modifying for your purposes are at the end of this demo.<\/div><div><br><\/div>","DefaultChoices":false,"DataExportTag":"Demotxt","QuestionType":"DB","Selector":"TB","Configuration":{"QuestionDescriptionOption":"UseText"},"QuestionDescription":"This is a demo of the word-search task created by Bob Calin-Jageman.\u00a0\u00a0 The demo shows a) how to c...","ChoiceOrder":[],"Validation":{"Settings":{"Type":"None"}},"GradingData":[],"Language":[],"NextChoiceId":4,"NextAnswerId":1,"QuestionID":"QID51"}},{"SurveyID":"SV_didJZP14WPlvKPX","Element":"SQ","PrimaryAttribute":"QID31","SecondaryAttribute":"This is the pre-screening stage for these surveys. \u00a0\n \n Before we begin, please verify that the ID ","TertiaryAttribute":null,"Payload":{"QuestionText":"This is the pre-screening stage for these surveys. &nbsp;<div><br><\/div><div>Before we begin, please verify that the ID in the field below is your correct Amazon Mechanical Turk ID. &nbsp;<\/div><div>If it is your ID, please click Next.<\/div><div>If this is not your ID, or if no ID is displayed, please enter your ID and click on Next.<\/div><div><br><\/div>","DefaultChoices":{"TEXT":{"Text":"${e:\/\/Field\/MID}"}},"DataExportTag":"MID_get","QuestionType":"TE","Selector":"SL","Configuration":{"QuestionDescriptionOption":"UseText"},"QuestionDescription":"This is the pre-screening stage for these surveys. \u00a0\n \n Before we begin, please verify that the ID in the field below is\n your correct Amazon Mechanical Turk ID. \u00a0\n\n If it is your ID, please click...","Validation":{"Settings":{"ForceResponse":"ON","ForceResponseType":"ON","Type":"None"}},"GradingData":[],"Language":[],"QuestionID":"QID31"}},{"SurveyID":"SV_didJZP14WPlvKPX","Element":"SQ","PrimaryAttribute":"QID46","SecondaryAttribute":"Timing","TertiaryAttribute":null,"Payload":{"QuestionText":"Timing","DefaultChoices":false,"DataExportTag":"IMC_Time","QuestionType":"Timing","Selector":"PageTimer","Configuration":{"QuestionDescriptionOption":"UseText","MinSeconds":"0","MaxSeconds":"0"},"QuestionDescription":"Timing","Choices":{"1":{"Display":"First Click"},"2":{"Display":"Last Click"},"3":{"Display":"Page Submit"},"4":{"Display":"Click Count"}},"GradingData":[],"Language":[],"QuestionID":"QID46"}},{"SurveyID":"SV_didJZP14WPlvKPX","Element":"SQ","PrimaryAttribute":"QID48","SecondaryAttribute":"Timing","TertiaryAttribute":null,"Payload":{"QuestionText":"Timing","DefaultChoices":false,"DataExportTag":"screen_timer","QuestionID":"QID48","QuestionType":"Timing","Selector":"PageTimer","Configuration":{"QuestionDescriptionOption":"UseText","MinSeconds":"0","MaxSeconds":30,"ShowTimer":true,"Seconds":30},"QuestionDescription":"Timing","Choices":{"1":{"Display":"First Click"},"2":{"Display":"Last Click"},"3":{"Display":"Page Submit"},"4":{"Display":"Click Count"}},"GradingData":[],"Language":[],"DataVisibility":{"Private":false,"Hidden":false},"NextChoiceId":33,"NextAnswerId":1}},{"SurveyID":"SV_didJZP14WPlvKPX","Element":"SQ","PrimaryAttribute":"QID50","SecondaryAttribute":"Timing","TertiaryAttribute":null,"Payload":{"QuestionText":"Timing","DefaultChoices":false,"QuestionType":"Timing","Selector":"PageTimer","Configuration":{"QuestionDescriptionOption":"UseText","MinSeconds":"0","MaxSeconds":30,"ShowTimer":true,"Seconds":30},"QuestionDescription":"Timing","Choices":{"1":{"Display":"First Click"},"2":{"Display":"Last Click"},"3":{"Display":"Page Submit"},"4":{"Display":"Click Count"}},"Validation":"None","GradingData":[],"Language":[],"QuestionText_Unsafe":"Timing","DataExportTag":"Q50","QuestionID":"QID50"}},{"SurveyID":"SV_didJZP14WPlvKPX","Element":"SQ","PrimaryAttribute":"QID55","SecondaryAttribute":"Timing","TertiaryAttribute":null,"Payload":{"QuestionText":"Timing","DefaultChoices":false,"DataExportTag":"wstimer","QuestionType":"Timing","Selector":"PageTimer","DataVisibility":{"Private":false,"Hidden":false},"Configuration":{"QuestionDescriptionOption":"UseText","MinSeconds":240,"MaxSeconds":300,"ShowTimer":true,"Seconds":300},"QuestionDescription":"Timing","Choices":{"1":{"Display":"First Click"},"2":{"Display":"Last Click"},"3":{"Display":"Page Submit"},"4":{"Display":"Click Count"}},"GradingData":[],"Language":[],"NextChoiceId":9,"NextAnswerId":1,"QuestionID":"QID55"}}]}